// !$*UTF8*$!
{
	archiveVersion = 1;
	classes = {
	};
	objectVersion = 77;
	objects = {

/* Begin PBXBuildFile section */
		02F9D3B0B20AD61385702DE8 /* manifest.json in Resources */ = {isa = PBXBuildFile; fileRef = C7DCBDD0F3C21327A44A2563 /* manifest.json */; };
		0A34461D945F7BCDBB2A6002 /* Beats.swift in Sources */ = {isa = PBXBuildFile; fileRef = F25EBEF7FD82850E1E60107B /* Beats.swift */; };
		0B94448088EBF618CB04CFBA /* t1-pillar.png in Resources */ = {isa = PBXBuildFile; fileRef = B23AD0DDE5148C102F3E07DA /* t1-pillar.png */; };
		13BD068DA7BF408E7504D093 /* ArmRingView.swift in Sources */ = {isa = PBXBuildFile; fileRef = 176C6FF19CDCE6D1894D80B8 /* ArmRingView.swift */; };
		1D734D8AB5B6658F5A6C468B /* ArAisView.swift in Sources */ = {isa = PBXBuildFile; fileRef = D9C99CB183669A928C9309C9 /* ArAisView.swift */; };
		1F1A60A93AE894AEED3BF0E5 /* AnTurasApp.swift in Sources */ = {isa = PBXBuildFile; fileRef = C6FF4D8B7082E2477A6D5D83 /* AnTurasApp.swift */; };
		2159FE1A69E55A351A572F02 /* SessionView.swift in Sources */ = {isa = PBXBuildFile; fileRef = 0C5DDA39E54C0E111ED23C9E /* SessionView.swift */; };
		2261B462E25008FDEB3CCC31 /* ExerciseViews.swift in Sources */ = {isa = PBXBuildFile; fileRef = EC45DFEE46F0BF3EB93A2CE2 /* ExerciseViews.swift */; };
		2488609B4A7E0CB5FEB7567E /* IrelandShape.swift in Sources */ = {isa = PBXBuildFile; fileRef = 7AD4129B3564B7CF12160B32 /* IrelandShape.swift */; };
		3D4DC9F46D78F9E227C2FCDF /* ArtifactView.swift in Sources */ = {isa = PBXBuildFile; fileRef = 8222FF923CA8EEAC43EBA19C /* ArtifactView.swift */; };
		4B51ECDA2373D4D233BD210C /* Models.swift in Sources */ = {isa = PBXBuildFile; fileRef = 98F0B9DF36A7A1A806DDFBC2 /* Models.swift */; };
		60194909667A352C5ECEB591 /* Assets.xcassets in Resources */ = {isa = PBXBuildFile; fileRef = 37ADE78AC4C9EEC9EB1D7560 /* Assets.xcassets */; };
		67160852FC74F0B31872D8DE /* chapter1.json in Resources */ = {isa = PBXBuildFile; fileRef = FEED52D58CA52E7BC9EA4159 /* chapter1.json */; };
		6AF18E13D4AFF5158A4E53D5 /* t2-hands.png in Resources */ = {isa = PBXBuildFile; fileRef = B7648ACE885C7BE17D5D4A3F /* t2-hands.png */; };
		76BEADF345A8313FE44E1115 /* s3-yard.png in Resources */ = {isa = PBXBuildFile; fileRef = 0B57B920269D5BF5FF8822BA /* s3-yard.png */; };
		7701F0900B48CC0E9D5B154A /* Theme.swift in Sources */ = {isa = PBXBuildFile; fileRef = CE14D49BCB22BF02EF8087A6 /* Theme.swift */; };
		790F1CB5A14F0706CDE04CF2 /* IlluminatedInitialView.swift in Sources */ = {isa = PBXBuildFile; fileRef = 9C085449F0113468DBD4DAFC /* IlluminatedInitialView.swift */; };
		7BFC1B186CBC1841F055C7E0 /* TurnView.swift in Sources */ = {isa = PBXBuildFile; fileRef = 0C065E93C363E8C795F592E7 /* TurnView.swift */; };
		83F46CF664B0213C51C75027 /* AppState.swift in Sources */ = {isa = PBXBuildFile; fileRef = 8BCEF1C9F6D2DD55218E5486 /* AppState.swift */; };
		8506E382A60FBBFD25DED58E /* MapView.swift in Sources */ = {isa = PBXBuildFile; fileRef = D52460D2F0305161BC3AF94A /* MapView.swift */; };
		8A218656EDCA56F5CDA4C9F5 /* art in Resources */ = {isa = PBXBuildFile; fileRef = 391BDD989CB3BCC6C00E0769 /* art */; };
		8B3F648D21E743874F70F3C2 /* LensView.swift in Sources */ = {isa = PBXBuildFile; fileRef = C90E18890B758D4EC0F7AC1A /* LensView.swift */; };
		9E84CC9BED41BA710DD2DA83 /* art-exploration in Resources */ = {isa = PBXBuildFile; fileRef = AD7DBE9DE6F5A1DAA771B1B4 /* art-exploration */; };
		A98E818546F007DB8B6C29EB /* MuseumView.swift in Sources */ = {isa = PBXBuildFile; fileRef = 73280D4D2562D1835079B54E /* MuseumView.swift */; };
		A9EAF6BE25C1A9F98EA59E56 /* PatternsView.swift in Sources */ = {isa = PBXBuildFile; fileRef = 01EFA1CE49397981F3585BA0 /* PatternsView.swift */; };
		AD984A19F5374884369CAD98 /* JourneyView.swift in Sources */ = {isa = PBXBuildFile; fileRef = 721CD5B070C615370B65AFD8 /* JourneyView.swift */; };
		AF309E88B912C9018DDD9836 /* RecarveView.swift in Sources */ = {isa = PBXBuildFile; fileRef = 5C79B531426D7F12AFACCAA7 /* RecarveView.swift */; };
		B0E86A96338E1DC5AB755550 /* chapter3.json in Resources */ = {isa = PBXBuildFile; fileRef = 2EDF2584F35E43CE084030A2 /* chapter3.json */; };
		B30F060A8ABF321BB31F0A43 /* CoverView.swift in Sources */ = {isa = PBXBuildFile; fileRef = 2D48D0E32F66600DB0CA46AA /* CoverView.swift */; };
		BA7FEDB68A3D42313E57453E /* t3-strand.png in Resources */ = {isa = PBXBuildFile; fileRef = 45D090D9AEA3F40422F95385 /* t3-strand.png */; };
		BEF3B1181C09C641DAAB2C52 /* PatternDrill.swift in Sources */ = {isa = PBXBuildFile; fileRef = A993AF941E2E299FA88BC755 /* PatternDrill.swift */; };
		C1A2B3C4D5E6F78901234567 /* LexemeDeck.swift in Sources */ = {isa = PBXBuildFile; fileRef = C1A2B3C4D5E6F78901234568 /* LexemeDeck.swift */; };
		C1A2B3C4D5E6F78901234569 /* VocabDeckView.swift in Sources */ = {isa = PBXBuildFile; fileRef = C1A2B3C4D5E6F7890123456A /* VocabDeckView.swift */; };
		CD9CD8AA577DCEFB17D64C6F /* EchoView.swift in Sources */ = {isa = PBXBuildFile; fileRef = EC5B6E9378BE9BA2399E468B /* EchoView.swift */; };
		D039DDD372A98B80F19FB0F3 /* journey.json in Resources */ = {isa = PBXBuildFile; fileRef = 21A7F77D9E848D6268AB988F /* journey.json */; };
		D435E24EAF65838006E2640D /* t4-today.png in Resources */ = {isa = PBXBuildFile; fileRef = 91919F4E266ABA370171500A /* t4-today.png */; };
		DDAA8089EF264B7DEA0F111B /* chapter2.json in Resources */ = {isa = PBXBuildFile; fileRef = 50D76EFD5BAFF39C9743A747 /* chapter2.json */; };
		DDB874BDFF1C9A0F2FA39541 /* Haptics.swift in Sources */ = {isa = PBXBuildFile; fileRef = D26F137EF38F91C2C2AEE955 /* Haptics.swift */; };
		DE467353A69DC7C7C723938D /* DiscoverView.swift in Sources */ = {isa = PBXBuildFile; fileRef = C6BCDF60A086F036ECEFADD7 /* DiscoverView.swift */; };
		E7AE1D983E54B31CDC1686CB /* Ogham.swift in Sources */ = {isa = PBXBuildFile; fileRef = 4A806D8C653B1FC0A245A1B5 /* Ogham.swift */; };
		ED6373DCFEA1395BE0FF4BE7 /* Speech.swift in Sources */ = {isa = PBXBuildFile; fileRef = C0991F4C3A66625481192D91 /* Speech.swift */; };
/* End PBXBuildFile section */

/* Begin PBXFileReference section */
		01EFA1CE49397981F3585BA0 /* PatternsView.swift */ = {isa = PBXFileReference; lastKnownFileType = sourcecode.swift; path = PatternsView.swift; sourceTree = "<group>"; };
		0B57B920269D5BF5FF8822BA /* s3-yard.png */ = {isa = PBXFileReference; lastKnownFileType = image.png; path = "s3-yard.png"; sourceTree = "<group>"; };
		0C065E93C363E8C795F592E7 /* TurnView.swift */ = {isa = PBXFileReference; lastKnownFileType = sourcecode.swift; path = TurnView.swift; sourceTree = "<group>"; };
		0C5DDA39E54C0E111ED23C9E /* SessionView.swift */ = {isa = PBXFileReference; lastKnownFileType = sourcecode.swift; path = SessionView.swift; sourceTree = "<group>"; };
		11987CAE4054C1FC81E9E792 /* Info.plist */ = {isa = PBXFileReference; lastKnownFileType = text.plist; path = Info.plist; sourceTree = "<group>"; };
		176C6FF19CDCE6D1894D80B8 /* ArmRingView.swift */ = {isa = PBXFileReference; lastKnownFileType = sourcecode.swift; path = ArmRingView.swift; sourceTree = "<group>"; };
		21A7F77D9E848D6268AB988F /* journey.json */ = {isa = PBXFileReference; lastKnownFileType = text.json; path = journey.json; sourceTree = "<group>"; };
		2D48D0E32F66600DB0CA46AA /* CoverView.swift */ = {isa = PBXFileReference; lastKnownFileType = sourcecode.swift; path = CoverView.swift; sourceTree = "<group>"; };
		2EDF2584F35E43CE084030A2 /* chapter3.json */ = {isa = PBXFileReference; lastKnownFileType = text.json; path = chapter3.json; sourceTree = "<group>"; };
		37ADE78AC4C9EEC9EB1D7560 /* Assets.xcassets */ = {isa = PBXFileReference; lastKnownFileType = folder.assetcatalog; path = Assets.xcassets; sourceTree = "<group>"; };
		3855760E1F84F5E302464F54 /* AnTuras.app */ = {isa = PBXFileReference; explicitFileType = wrapper.application; includeInIndex = 0; path = AnTuras.app; sourceTree = BUILT_PRODUCTS_DIR; };
		391BDD989CB3BCC6C00E0769 /* art */ = {isa = PBXFileReference; lastKnownFileType = folder; name = art; path = AnTuras/Resources/art; sourceTree = SOURCE_ROOT; };
		45D090D9AEA3F40422F95385 /* t3-strand.png */ = {isa = PBXFileReference; lastKnownFileType = image.png; path = "t3-strand.png"; sourceTree = "<group>"; };
		4A806D8C653B1FC0A245A1B5 /* Ogham.swift */ = {isa = PBXFileReference; lastKnownFileType = sourcecode.swift; path = Ogham.swift; sourceTree = "<group>"; };
		50D76EFD5BAFF39C9743A747 /* chapter2.json */ = {isa = PBXFileReference; lastKnownFileType = text.json; path = chapter2.json; sourceTree = "<group>"; };
		5C79B531426D7F12AFACCAA7 /* RecarveView.swift */ = {isa = PBXFileReference; lastKnownFileType = sourcecode.swift; path = RecarveView.swift; sourceTree = "<group>"; };
		721CD5B070C615370B65AFD8 /* JourneyView.swift */ = {isa = PBXFileReference; lastKnownFileType = sourcecode.swift; path = JourneyView.swift; sourceTree = "<group>"; };
		73280D4D2562D1835079B54E /* MuseumView.swift */ = {isa = PBXFileReference; lastKnownFileType = sourcecode.swift; path = MuseumView.swift; sourceTree = "<group>"; };
		7AD4129B3564B7CF12160B32 /* IrelandShape.swift */ = {isa = PBXFileReference; lastKnownFileType = sourcecode.swift; path = IrelandShape.swift; sourceTree = "<group>"; };
		8222FF923CA8EEAC43EBA19C /* ArtifactView.swift */ = {isa = PBXFileReference; lastKnownFileType = sourcecode.swift; path = ArtifactView.swift; sourceTree = "<group>"; };
		8BCEF1C9F6D2DD55218E5486 /* AppState.swift */ = {isa = PBXFileReference; lastKnownFileType = sourcecode.swift; path = AppState.swift; sourceTree = "<group>"; };
		91919F4E266ABA370171500A /* t4-today.png */ = {isa = PBXFileReference; lastKnownFileType = image.png; path = "t4-today.png"; sourceTree = "<group>"; };
		98F0B9DF36A7A1A806DDFBC2 /* Models.swift */ = {isa = PBXFileReference; lastKnownFileType = sourcecode.swift; path = Models.swift; sourceTree = "<group>"; };
		9C085449F0113468DBD4DAFC /* IlluminatedInitialView.swift */ = {isa = PBXFileReference; lastKnownFileType = sourcecode.swift; path = IlluminatedInitialView.swift; sourceTree = "<group>"; };
		A993AF941E2E299FA88BC755 /* PatternDrill.swift */ = {isa = PBXFileReference; lastKnownFileType = sourcecode.swift; path = PatternDrill.swift; sourceTree = "<group>"; };
		AD7DBE9DE6F5A1DAA771B1B4 /* art-exploration */ = {isa = PBXFileReference; lastKnownFileType = folder; path = "art-exploration"; sourceTree = SOURCE_ROOT; };
		B23AD0DDE5148C102F3E07DA /* t1-pillar.png */ = {isa = PBXFileReference; lastKnownFileType = image.png; path = "t1-pillar.png"; sourceTree = "<group>"; };
		B7648ACE885C7BE17D5D4A3F /* t2-hands.png */ = {isa = PBXFileReference; lastKnownFileType = image.png; path = "t2-hands.png"; sourceTree = "<group>"; };
		C0991F4C3A66625481192D91 /* Speech.swift */ = {isa = PBXFileReference; lastKnownFileType = sourcecode.swift; path = Speech.swift; sourceTree = "<group>"; };
		C1A2B3C4D5E6F78901234568 /* LexemeDeck.swift */ = {isa = PBXFileReference; lastKnownFileType = sourcecode.swift; path = LexemeDeck.swift; sourceTree = "<group>"; };
		C1A2B3C4D5E6F7890123456A /* VocabDeckView.swift */ = {isa = PBXFileReference; lastKnownFileType = sourcecode.swift; path = VocabDeckView.swift; sourceTree = "<group>"; };
		C6BCDF60A086F036ECEFADD7 /* DiscoverView.swift */ = {isa = PBXFileReference; lastKnownFileType = sourcecode.swift; path = DiscoverView.swift; sourceTree = "<group>"; };
		C6FF4D8B7082E2477A6D5D83 /* AnTurasApp.swift */ = {isa = PBXFileReference; lastKnownFileType = sourcecode.swift; path = AnTurasApp.swift; sourceTree = "<group>"; };
		C7DCBDD0F3C21327A44A2563 /* manifest.json */ = {isa = PBXFileReference; lastKnownFileType = text.json; path = manifest.json; sourceTree = "<group>"; };
		C90E18890B758D4EC0F7AC1A /* LensView.swift */ = {isa = PBXFileReference; lastKnownFileType = sourcecode.swift; path = LensView.swift; sourceTree = "<group>"; };
		CE14D49BCB22BF02EF8087A6 /* Theme.swift */ = {isa = PBXFileReference; lastKnownFileType = sourcecode.swift; path = Theme.swift; sourceTree = "<group>"; };
		D26F137EF38F91C2C2AEE955 /* Haptics.swift */ = {isa = PBXFileReference; lastKnownFileType = sourcecode.swift; path = Haptics.swift; sourceTree = "<group>"; };
		D52460D2F0305161BC3AF94A /* MapView.swift */ = {isa = PBXFileReference; lastKnownFileType = sourcecode.swift; path = MapView.swift; sourceTree = "<group>"; };
		D9C99CB183669A928C9309C9 /* ArAisView.swift */ = {isa = PBXFileReference; lastKnownFileType = sourcecode.swift; path = ArAisView.swift; sourceTree = "<group>"; };
		EC45DFEE46F0BF3EB93A2CE2 /* ExerciseViews.swift */ = {isa = PBXFileReference; lastKnownFileType = sourcecode.swift; path = ExerciseViews.swift; sourceTree = "<group>"; };
		EC5B6E9378BE9BA2399E468B /* EchoView.swift */ = {isa = PBXFileReference; lastKnownFileType = sourcecode.swift; path = EchoView.swift; sourceTree = "<group>"; };
		F25EBEF7FD82850E1E60107B /* Beats.swift */ = {isa = PBXFileReference; lastKnownFileType = sourcecode.swift; path = Beats.swift; sourceTree = "<group>"; };
		FEED52D58CA52E7BC9EA4159 /* chapter1.json */ = {isa = PBXFileReference; lastKnownFileType = text.json; path = chapter1.json; sourceTree = "<group>"; };
/* End PBXFileReference section */

/* Begin PBXGroup section */
		1C598D92CAB754E3E9D294B3 /* Resources */ = {
			isa = PBXGroup;
			children = (
				391BDD989CB3BCC6C00E0769 /* art */,
				FEED52D58CA52E7BC9EA4159 /* chapter1.json */,
				50D76EFD5BAFF39C9743A747 /* chapter2.json */,
				2EDF2584F35E43CE084030A2 /* chapter3.json */,
				21A7F77D9E848D6268AB988F /* journey.json */,
				64FA8D94A904EEAC4043602C /* art */,
				3F2FCA4F9658F286B2BD410D /* Audio */,
			);
			path = Resources;
			sourceTree = "<group>";
		};
		3F2FCA4F9658F286B2BD410D /* Audio */ = {
			isa = PBXGroup;
			children = (
				C7DCBDD0F3C21327A44A2563 /* manifest.json */,
			);
			path = Audio;
			sourceTree = "<group>";
		};
		528089DBCD40F3FB05F00F0F = {
			isa = PBXGroup;
			children = (
				AD7DBE9DE6F5A1DAA771B1B4 /* art-exploration */,
				83AF27BBB51B5E9779A8FD94 /* AnTuras */,
				A5B2612F851951AE42588066 /* Products */,
			);
			sourceTree = "<group>";
		};
		64FA8D94A904EEAC4043602C /* art */ = {
			isa = PBXGroup;
			children = (
				0B57B920269D5BF5FF8822BA /* s3-yard.png */,
				B23AD0DDE5148C102F3E07DA /* t1-pillar.png */,
				B7648ACE885C7BE17D5D4A3F /* t2-hands.png */,
				45D090D9AEA3F40422F95385 /* t3-strand.png */,
				91919F4E266ABA370171500A /* t4-today.png */,
			);
			path = art;
			sourceTree = "<group>";
		};
		83AF27BBB51B5E9779A8FD94 /* AnTuras */ = {
			isa = PBXGroup;
			children = (
				C6FF4D8B7082E2477A6D5D83 /* AnTurasApp.swift */,
				8BCEF1C9F6D2DD55218E5486 /* AppState.swift */,
				D9C99CB183669A928C9309C9 /* ArAisView.swift */,
				176C6FF19CDCE6D1894D80B8 /* ArmRingView.swift */,
				8222FF923CA8EEAC43EBA19C /* ArtifactView.swift */,
				37ADE78AC4C9EEC9EB1D7560 /* Assets.xcassets */,
				F25EBEF7FD82850E1E60107B /* Beats.swift */,
				2D48D0E32F66600DB0CA46AA /* CoverView.swift */,
				C6BCDF60A086F036ECEFADD7 /* DiscoverView.swift */,
				EC5B6E9378BE9BA2399E468B /* EchoView.swift */,
				EC45DFEE46F0BF3EB93A2CE2 /* ExerciseViews.swift */,
				D26F137EF38F91C2C2AEE955 /* Haptics.swift */,
				9C085449F0113468DBD4DAFC /* IlluminatedInitialView.swift */,
				11987CAE4054C1FC81E9E792 /* Info.plist */,
				7AD4129B3564B7CF12160B32 /* IrelandShape.swift */,
				C1A2B3C4D5E6F78901234568 /* LexemeDeck.swift */,
				721CD5B070C615370B65AFD8 /* JourneyView.swift */,
				C90E18890B758D4EC0F7AC1A /* LensView.swift */,
				D52460D2F0305161BC3AF94A /* MapView.swift */,
				98F0B9DF36A7A1A806DDFBC2 /* Models.swift */,
				73280D4D2562D1835079B54E /* MuseumView.swift */,
				4A806D8C653B1FC0A245A1B5 /* Ogham.swift */,
				A993AF941E2E299FA88BC755 /* PatternDrill.swift */,
				01EFA1CE49397981F3585BA0 /* PatternsView.swift */,
				5C79B531426D7F12AFACCAA7 /* RecarveView.swift */,
				0C5DDA39E54C0E111ED23C9E /* SessionView.swift */,
				C0991F4C3A66625481192D91 /* Speech.swift */,
				CE14D49BCB22BF02EF8087A6 /* Theme.swift */,
				C1A2B3C4D5E6F7890123456A /* VocabDeckView.swift */,
				0C065E93C363E8C795F592E7 /* TurnView.swift */,
				1C598D92CAB754E3E9D294B3 /* Resources */,
			);
			path = AnTuras;
			sourceTree = "<group>";
		};
		A5B2612F851951AE42588066 /* Products */ = {
			isa = PBXGroup;
			children = (
				3855760E1F84F5E302464F54 /* AnTuras.app */,
			);
			name = Products;
			sourceTree = "<group>";
		};
/* End PBXGroup section */

/* Begin PBXNativeTarget section */
		3E2660E8833CD11BC9BCBCA6 /* AnTuras */ = {
			isa = PBXNativeTarget;
			buildConfigurationList = B321EDE80A563A2AC5DC9464 /* Build configuration list for PBXNativeTarget "AnTuras" */;
			buildPhases = (
				24ADAAED4E2FFD892D4245F5 /* Sources */,
				C84557D087F36A179ED78E93 /* Resources */,
			);
			buildRules = (
			);
			dependencies = (
			);
			name = AnTuras;
			packageProductDependencies = (
			);
			productName = AnTuras;
			productReference = 3855760E1F84F5E302464F54 /* AnTuras.app */;
			productType = "com.apple.product-type.application";
		};
/* End PBXNativeTarget section */

/* Begin PBXProject section */
		917BE851C7EB0537DB64410E /* Project object */ = {
			isa = PBXProject;
			attributes = {
				BuildIndependentTargetsInParallel = YES;
				LastUpgradeCheck = 1430;
				TargetAttributes = {
					3E2660E8833CD11BC9BCBCA6 = {
						ProvisioningStyle = Automatic;
					};
				};
			};
			buildConfigurationList = 76E477B8E7636CC34669F896 /* Build configuration list for PBXProject "AnTuras" */;
			developmentRegion = en;
			hasScannedForEncodings = 0;
			knownRegions = (
				Base,
				en,
			);
			mainGroup = 528089DBCD40F3FB05F00F0F;
			minimizedProjectReferenceProxies = 1;
			preferredProjectObjectVersion = 77;
			productRefGroup = A5B2612F851951AE42588066 /* Products */;
			projectDirPath = "";
			projectRoot = "";
			targets = (
				3E2660E8833CD11BC9BCBCA6 /* AnTuras */,
			);
		};
/* End PBXProject section */

/* Begin PBXResourcesBuildPhase section */
		C84557D087F36A179ED78E93 /* Resources */ = {
			isa = PBXResourcesBuildPhase;
			buildActionMask = 2147483647;
			files = (
				60194909667A352C5ECEB591 /* Assets.xcassets in Resources */,
				8A218656EDCA56F5CDA4C9F5 /* art in Resources */,
				9E84CC9BED41BA710DD2DA83 /* art-exploration in Resources */,
				67160852FC74F0B31872D8DE /* chapter1.json in Resources */,
				DDAA8089EF264B7DEA0F111B /* chapter2.json in Resources */,
				B0E86A96338E1DC5AB755550 /* chapter3.json in Resources */,
				D039DDD372A98B80F19FB0F3 /* journey.json in Resources */,
				02F9D3B0B20AD61385702DE8 /* manifest.json in Resources */,
				76BEADF345A8313FE44E1115 /* s3-yard.png in Resources */,
				0B94448088EBF618CB04CFBA /* t1-pillar.png in Resources */,
				6AF18E13D4AFF5158A4E53D5 /* t2-hands.png in Resources */,
				BA7FEDB68A3D42313E57453E /* t3-strand.png in Resources */,
				D435E24EAF65838006E2640D /* t4-today.png in Resources */,
			);
			runOnlyForDeploymentPostprocessing = 0;
		};
/* End PBXResourcesBuildPhase section */

/* Begin PBXSourcesBuildPhase section */
		24ADAAED4E2FFD892D4245F5 /* Sources */ = {
			isa = PBXSourcesBuildPhase;
			buildActionMask = 2147483647;
			files = (
				1F1A60A93AE894AEED3BF0E5 /* AnTurasApp.swift in Sources */,
				83F46CF664B0213C51C75027 /* AppState.swift in Sources */,
				1D734D8AB5B6658F5A6C468B /* ArAisView.swift in Sources */,
				13BD068DA7BF408E7504D093 /* ArmRingView.swift in Sources */,
				3D4DC9F46D78F9E227C2FCDF /* ArtifactView.swift in Sources */,
				0A34461D945F7BCDBB2A6002 /* Beats.swift in Sources */,
				B30F060A8ABF321BB31F0A43 /* CoverView.swift in Sources */,
				DE467353A69DC7C7C723938D /* DiscoverView.swift in Sources */,
				CD9CD8AA577DCEFB17D64C6F /* EchoView.swift in Sources */,
				2261B462E25008FDEB3CCC31 /* ExerciseViews.swift in Sources */,
				DDB874BDFF1C9A0F2FA39541 /* Haptics.swift in Sources */,
				790F1CB5A14F0706CDE04CF2 /* IlluminatedInitialView.swift in Sources */,
				2488609B4A7E0CB5FEB7567E /* IrelandShape.swift in Sources */,
				C1A2B3C4D5E6F78901234567 /* LexemeDeck.swift in Sources */,
				AD984A19F5374884369CAD98 /* JourneyView.swift in Sources */,
				8B3F648D21E743874F70F3C2 /* LensView.swift in Sources */,
				8506E382A60FBBFD25DED58E /* MapView.swift in Sources */,
				4B51ECDA2373D4D233BD210C /* Models.swift in Sources */,
				A98E818546F007DB8B6C29EB /* MuseumView.swift in Sources */,
				E7AE1D983E54B31CDC1686CB /* Ogham.swift in Sources */,
				BEF3B1181C09C641DAAB2C52 /* PatternDrill.swift in Sources */,
				A9EAF6BE25C1A9F98EA59E56 /* PatternsView.swift in Sources */,
				AF309E88B912C9018DDD9836 /* RecarveView.swift in Sources */,
				2159FE1A69E55A351A572F02 /* SessionView.swift in Sources */,
				ED6373DCFEA1395BE0FF4BE7 /* Speech.swift in Sources */,
				7701F0900B48CC0E9D5B154A /* Theme.swift in Sources */,
				C1A2B3C4D5E6F78901234569 /* VocabDeckView.swift in Sources */,
				7BFC1B186CBC1841F055C7E0 /* TurnView.swift in Sources */,
			);
			runOnlyForDeploymentPostprocessing = 0;
		};
/* End PBXSourcesBuildPhase section */

/* Begin XCBuildConfiguration section */
		276F892549B2523CC4180582 /* Debug */ = {
			isa = XCBuildConfiguration;
			buildSettings = {
				ASSETCATALOG_COMPILER_APPICON_NAME = AppIcon;
				"CODE_SIGNING_ALLOWED[sdk=iphonesimulator*]" = NO;
				CODE_SIGN_IDENTITY = "iPhone Developer";
				CODE_SIGN_STYLE = Automatic;
				DEVELOPMENT_TEAM = QCVP3CNMP6;
				INFOPLIST_FILE = AnTuras/Info.plist;
				LD_RUNPATH_SEARCH_PATHS = (
					"$(inherited)",
					"@executable_path/Frameworks",
				);
				PRODUCT_BUNDLE_IDENTIFIER = ie.anturas.AnTuras;
				SDKROOT = iphoneos;
				SWIFT_VERSION = 5.9;
				TARGETED_DEVICE_FAMILY = 1;
			};
			name = Debug;
		};
		810CC68ABD6A3FB32954D6A2 /* Release */ = {
			isa = XCBuildConfiguration;
			buildSettings = {
				ALWAYS_SEARCH_USER_PATHS = NO;
				CLANG_ANALYZER_NONNULL = YES;
				CLANG_ANALYZER_NUMBER_OBJECT_CONVERSION = YES_AGGRESSIVE;
				CLANG_CXX_LANGUAGE_STANDARD = "gnu++14";
				CLANG_CXX_LIBRARY = "libc++";
				CLANG_ENABLE_MODULES = YES;
				CLANG_ENABLE_OBJC_ARC = YES;
				CLANG_ENABLE_OBJC_WEAK = YES;
				CLANG_WARN_BLOCK_CAPTURE_AUTORELEASING = YES;
				CLANG_WARN_BOOL_CONVERSION = YES;
				CLANG_WARN_COMMA = YES;
				CLANG_WARN_CONSTANT_CONVERSION = YES;
				CLANG_WARN_DEPRECATED_OBJC_IMPLEMENTATIONS = YES;
				CLANG_WARN_DIRECT_OBJC_ISA_USAGE = YES_ERROR;
				CLANG_WARN_DOCUMENTATION_COMMENTS = YES;
				CLANG_WARN_EMPTY_BODY = YES;
				CLANG_WARN_ENUM_CONVERSION = YES;
				CLANG_WARN_INFINITE_RECURSION = YES;
				CLANG_WARN_INT_CONVERSION = YES;
				CLANG_WARN_NON_LITERAL_NULL_CONVERSION = YES;
				CLANG_WARN_OBJC_IMPLICIT_RETAIN_SELF = YES;
				CLANG_WARN_OBJC_LITERAL_CONVERSION = YES;
				CLANG_WARN_OBJC_ROOT_CLASS = YES_ERROR;
				CLANG_WARN_QUOTED_INCLUDE_IN_FRAMEWORK_HEADER = YES;
				CLANG_WARN_RANGE_LOOP_ANALYSIS = YES;
				CLANG_WARN_STRICT_PROTOTYPES = YES;
				CLANG_WARN_SUSPICIOUS_MOVE = YES;
				CLANG_WARN_UNGUARDED_AVAILABILITY = YES_AGGRESSIVE;
				CLANG_WARN_UNREACHABLE_CODE = YES;
				CLANG_WARN__DUPLICATE_METHOD_MATCH = YES;
				COPY_PHASE_STRIP = NO;
				DEBUG_INFORMATION_FORMAT = "dwarf-with-dsym";
				ENABLE_NS_ASSERTIONS = NO;
				ENABLE_STRICT_OBJC_MSGSEND = YES;
				GCC_C_LANGUAGE_STANDARD = gnu11;
				GCC_NO_COMMON_BLOCKS = YES;
				GCC_WARN_64_TO_32_BIT_CONVERSION = YES;
				GCC_WARN_ABOUT_RETURN_TYPE = YES_ERROR;
				GCC_WARN_UNDECLARED_SELECTOR = YES;
				GCC_WARN_UNINITIALIZED_AUTOS = YES_AGGRESSIVE;
				GCC_WARN_UNUSED_FUNCTION = YES;
				GCC_WARN_UNUSED_VARIABLE = YES;
				IPHONEOS_DEPLOYMENT_TARGET = 17.0;
				MTL_ENABLE_DEBUG_INFO = NO;
				MTL_FAST_MATH = YES;
				PRODUCT_NAME = "$(TARGET_NAME)";
				SDKROOT = iphoneos;
				SWIFT_COMPILATION_MODE = wholemodule;
				SWIFT_OPTIMIZATION_LEVEL = "-O";
				SWIFT_VERSION = 5.0;
			};
			name = Release;
		};
		8B65994F965615ADF8EDBA8D /* Release */ = {
			isa = XCBuildConfiguration;
			buildSettings = {
				ASSETCATALOG_COMPILER_APPICON_NAME = AppIcon;
				"CODE_SIGNING_ALLOWED[sdk=iphonesimulator*]" = NO;
				CODE_SIGN_IDENTITY = "iPhone Developer";
				CODE_SIGN_STYLE = Automatic;
				DEVELOPMENT_TEAM = QCVP3CNMP6;
				INFOPLIST_FILE = AnTuras/Info.plist;
				LD_RUNPATH_SEARCH_PATHS = (
					"$(inherited)",
					"@executable_path/Frameworks",
				);
				PRODUCT_BUNDLE_IDENTIFIER = ie.anturas.AnTuras;
				SDKROOT = iphoneos;
				SWIFT_VERSION = 5.9;
				TARGETED_DEVICE_FAMILY = 1;
			};
			name = Release;
		};
		CDEADAACCD31B2CC024EF89C /* Debug */ = {
			isa = XCBuildConfiguration;
			buildSettings = {
				ALWAYS_SEARCH_USER_PATHS = NO;
				CLANG_ANALYZER_NONNULL = YES;
				CLANG_ANALYZER_NUMBER_OBJECT_CONVERSION = YES_AGGRESSIVE;
				CLANG_CXX_LANGUAGE_STANDARD = "gnu++14";
				CLANG_CXX_LIBRARY = "libc++";
				CLANG_ENABLE_MODULES = YES;
				CLANG_ENABLE_OBJC_ARC = YES;
				CLANG_ENABLE_OBJC_WEAK = YES;
				CLANG_WARN_BLOCK_CAPTURE_AUTORELEASING = YES;
				CLANG_WARN_BOOL_CONVERSION = YES;
				CLANG_WARN_COMMA = YES;
				CLANG_WARN_CONSTANT_CONVERSION = YES;
				CLANG_WARN_DEPRECATED_OBJC_IMPLEMENTATIONS = YES;
				CLANG_WARN_DIRECT_OBJC_ISA_USAGE = YES_ERROR;
				CLANG_WARN_DOCUMENTATION_COMMENTS = YES;
				CLANG_WARN_EMPTY_BODY = YES;
				CLANG_WARN_ENUM_CONVERSION = YES;
				CLANG_WARN_INFINITE_RECURSION = YES;
				CLANG_WARN_INT_CONVERSION = YES;
				CLANG_WARN_NON_LITERAL_NULL_CONVERSION = YES;
				CLANG_WARN_OBJC_IMPLICIT_RETAIN_SELF = YES;
				CLANG_WARN_OBJC_LITERAL_CONVERSION = YES;
				CLANG_WARN_OBJC_ROOT_CLASS = YES_ERROR;
				CLANG_WARN_QUOTED_INCLUDE_IN_FRAMEWORK_HEADER = YES;
				CLANG_WARN_RANGE_LOOP_ANALYSIS = YES;
				CLANG_WARN_STRICT_PROTOTYPES = YES;
				CLANG_WARN_SUSPICIOUS_MOVE = YES;
				CLANG_WARN_UNGUARDED_AVAILABILITY = YES_AGGRESSIVE;
				CLANG_WARN_UNREACHABLE_CODE = YES;
				CLANG_WARN__DUPLICATE_METHOD_MATCH = YES;
				COPY_PHASE_STRIP = NO;
				DEBUG_INFORMATION_FORMAT = dwarf;
				ENABLE_STRICT_OBJC_MSGSEND = YES;
				ENABLE_TESTABILITY = YES;
				GCC_C_LANGUAGE_STANDARD = gnu11;
				GCC_DYNAMIC_NO_PIC = NO;
				GCC_NO_COMMON_BLOCKS = YES;
				GCC_OPTIMIZATION_LEVEL = 0;
				GCC_PREPROCESSOR_DEFINITIONS = (
					"$(inherited)",
					"DEBUG=1",
				);
				GCC_WARN_64_TO_32_BIT_CONVERSION = YES;
				GCC_WARN_ABOUT_RETURN_TYPE = YES_ERROR;
				GCC_WARN_UNDECLARED_SELECTOR = YES;
				GCC_WARN_UNINITIALIZED_AUTOS = YES_AGGRESSIVE;
				GCC_WARN_UNUSED_FUNCTION = YES;
				GCC_WARN_UNUSED_VARIABLE = YES;
				IPHONEOS_DEPLOYMENT_TARGET = 17.0;
				MTL_ENABLE_DEBUG_INFO = INCLUDE_SOURCE;
				MTL_FAST_MATH = YES;
				ONLY_ACTIVE_ARCH = YES;
				PRODUCT_NAME = "$(TARGET_NAME)";
				SDKROOT = iphoneos;
				SWIFT_ACTIVE_COMPILATION_CONDITIONS = DEBUG;
				SWIFT_OPTIMIZATION_LEVEL = "-Onone";
				SWIFT_VERSION = 5.0;
			};
			name = Debug;
		};
/* End XCBuildConfiguration section */

/* Begin XCConfigurationList section */
		76E477B8E7636CC34669F896 /* Build configuration list for PBXProject "AnTuras" */ = {
			isa = XCConfigurationList;
			buildConfigurations = (
				CDEADAACCD31B2CC024EF89C /* Debug */,
				810CC68ABD6A3FB32954D6A2 /* Release */,
			);
			defaultConfigurationIsVisible = 0;
			defaultConfigurationName = Debug;
		};
		B321EDE80A563A2AC5DC9464 /* Build configuration list for PBXNativeTarget "AnTuras" */ = {
			isa = XCConfigurationList;
			buildConfigurations = (
				276F892549B2523CC4180582 /* Debug */,
				8B65994F965615ADF8EDBA8D /* Release */,
			);
			defaultConfigurationIsVisible = 0;
			defaultConfigurationName = Debug;
		};
/* End XCConfigurationList section */
	};
	rootObject = 917BE851C7EB0537DB64410E /* Project object */;
}
