// !$*UTF8*$!
{
	archiveVersion = 1;
	classes = {
	};
	objectVersion = 77;
	objects = {

/* Begin PBXBuildFile section */
		02F9D3B0B20AD61385702DE8 /* manifest.json in Resources */ = {isa = PBXBuildFile; fileRef = C7DCBDD0F3C21327A44A2563 /* manifest.json */; };
		055F3BEC292205BB438E05D0 /* t3-strand.jpg in Resources */ = {isa = PBXBuildFile; fileRef = FEC2311F49B4BAA0770E36A8 /* t3-strand.jpg */; };
		0859C07D66D76DBDFAA181CC /* chonaic-tuu-an-t-airgead.mp3 in Resources */ = {isa = PBXBuildFile; fileRef = 21F12E2C5D7BEEE8AE24345B /* chonaic-tuu-an-t-airgead.mp3 */; };
		08AD1B00D82DC4192EBCC805 /* rinne-siad-damaaiste.mp3 in Resources */ = {isa = PBXBuildFile; fileRef = 8A3079A200FC35A8212B2586 /* rinne-siad-damaaiste.mp3 */; };
		0A34461D945F7BCDBB2A6002 /* Beats.swift in Sources */ = {isa = PBXBuildFile; fileRef = F25EBEF7FD82850E1E60107B /* Beats.swift */; };
		0AE4419A508F6461C67410BB /* cheannaigh-mee-brooga-anseo-innee.mp3 in Resources */ = {isa = PBXBuildFile; fileRef = 64DFC9A734752CE8D899A879 /* cheannaigh-mee-brooga-anseo-innee.mp3 */; };
		0C0BECACA0F40158E1DA244E /* maith-an-fear-thuu.mp3 in Resources */ = {isa = PBXBuildFile; fileRef = DEF342DF318B52D5181180F8 /* maith-an-fear-thuu.mp3 */; };
		0C9AECBE8B53F75AD86834BE /* IslandAtlasView.swift in Sources */ = {isa = PBXBuildFile; fileRef = 7935C5DD23A200427D4FFF74 /* IslandAtlasView.swift */; };
		0D17560B621FB4760CD350E5 /* taa-mee-ag-scriiobh.mp3 in Resources */ = {isa = PBXBuildFile; fileRef = 0DF2AD883FE645B57C9B33F6 /* taa-mee-ag-scriiobh.mp3 */; };
		0D9680E3D1F10CD661FC6502 /* taa-mee-ag-lorg-rudaii-agus-taa-pangur-baan-ag-lorg-luch.mp3 in Resources */ = {isa = PBXBuildFile; fileRef = DE46E89DE39837BB19632A89 /* taa-mee-ag-lorg-rudaii-agus-taa-pangur-baan-ag-lorg-luch.mp3 */; };
		13BD068DA7BF408E7504D093 /* ArmRingView.swift in Sources */ = {isa = PBXBuildFile; fileRef = 176C6FF19CDCE6D1894D80B8 /* ArmRingView.swift */; };
		1A82A8C1992F5D3117A19148 /* taa-a-fhios-agam.mp3 in Resources */ = {isa = PBXBuildFile; fileRef = C6719EE7E8EBA974E982835F /* taa-a-fhios-agam.mp3 */; };
		1D734D8AB5B6658F5A6C468B /* ArAisView.swift in Sources */ = {isa = PBXBuildFile; fileRef = D9C99CB183669A928C9309C9 /* ArAisView.swift */; };
		1F1A60A93AE894AEED3BF0E5 /* AnTurasApp.swift in Sources */ = {isa = PBXBuildFile; fileRef = C6FF4D8B7082E2477A6D5D83 /* AnTurasApp.swift */; };
		1FBD2C3B1D35FCAA411BD74F /* seo-briid-m-iniion.mp3 in Resources */ = {isa = PBXBuildFile; fileRef = 181D8C8B5BBCE7C8C79CA90A /* seo-briid-m-iniion.mp3 */; };
		205ECC05657991ED1938DCAD /* ceead-miile-faailte.mp3 in Resources */ = {isa = PBXBuildFile; fileRef = 3889872C263FE00F2B62C9EA /* ceead-miile-faailte.mp3 */; };
		2159FE1A69E55A351A572F02 /* SessionView.swift in Sources */ = {isa = PBXBuildFile; fileRef = 0C5DDA39E54C0E111ED23C9E /* SessionView.swift */; };
		21C8DA067C6A82D7A7BFE873 /* t4-today.jpg in Resources */ = {isa = PBXBuildFile; fileRef = CA7F003EA84F886632D742BA /* t4-today.jpg */; };
		2261B462E25008FDEB3CCC31 /* ExerciseViews.swift in Sources */ = {isa = PBXBuildFile; fileRef = EC45DFEE46F0BF3EB93A2CE2 /* ExerciseViews.swift */; };
		2488609B4A7E0CB5FEB7567E /* IrelandShape.swift in Sources */ = {isa = PBXBuildFile; fileRef = 7AD4129B3564B7CF12160B32 /* IrelandShape.swift */; };
		256F7DF69E51F90F0A28D30F /* taa-a-fhios-agam-anois.mp3 in Resources */ = {isa = PBXBuildFile; fileRef = 1D3FC4222184006F9D293703 /* taa-a-fhios-agam-anois.mp3 */; };
		27BA9098EA353229A8174ECC /* dia-is-muire-dhuit.mp3 in Resources */ = {isa = PBXBuildFile; fileRef = D653780003640608276B0150 /* dia-is-muire-dhuit.mp3 */; };
		282B081D607AE964E7EADF51 /* cee-as-thuu.mp3 in Resources */ = {isa = PBXBuildFile; fileRef = 05A7460356B6290610CA2B64 /* cee-as-thuu.mp3 */; };
		28A399ED57B75A47046D2DF1 /* colmaan-mac-roonaain.mp3 in Resources */ = {isa = PBXBuildFile; fileRef = FD0AD8018ADB7DBAA9780934 /* colmaan-mac-roonaain.mp3 */; };
		29FD59036E671B065D60A841 /* maith.mp3 in Resources */ = {isa = PBXBuildFile; fileRef = FE65C12653CA792B54C5C541 /* maith.mp3 */; };
		2CF9E1B088C51DC6B83C103F /* chonaic-mee-deatach-ar-an-bhfaanaii.mp3 in Resources */ = {isa = PBXBuildFile; fileRef = 5C2B57846925D0CBC2646A79 /* chonaic-mee-deatach-ar-an-bhfaanaii.mp3 */; };
		34FEDE09120740597F52D2DC /* cuuig.mp3 in Resources */ = {isa = PBXBuildFile; fileRef = 51311FFB505EECA6AEA0FE16 /* cuuig.mp3 */; };
		379C4C3B15EA8F0E4B54A8C5 /* graainne-nii-mhaaille.mp3 in Resources */ = {isa = PBXBuildFile; fileRef = 96ECBBA4D43B006C5098EBEF /* graainne-nii-mhaaille.mp3 */; };
		3A1DE05C7F9E00417A74A838 /* maith-an-margadh.mp3 in Resources */ = {isa = PBXBuildFile; fileRef = 993E347C847AEBA6BE010610 /* maith-an-margadh.mp3 */; };
		3D4DC9F46D78F9E227C2FCDF /* ArtifactView.swift in Sources */ = {isa = PBXBuildFile; fileRef = 8222FF923CA8EEAC43EBA19C /* ArtifactView.swift */; };
		3DB93CF86B2C96FBAA5AA9D6 /* is-margadh-moor-ee-seo.mp3 in Resources */ = {isa = PBXBuildFile; fileRef = 97097A62B4353A11E056C39B /* is-margadh-moor-ee-seo.mp3 */; };
		3F93418B1C61A0A79E663FDD /* t1-pillar.jpg in Resources */ = {isa = PBXBuildFile; fileRef = 207586C489D4867A4A73B336 /* t1-pillar.jpg */; };
		3F9FDD5B1EC21BDC96255F3A /* PersonalSubjectResultView.swift in Sources */ = {isa = PBXBuildFile; fileRef = F76CBFCD301CBF88C62240BE /* PersonalSubjectResultView.swift */; };
		41B7C9FCBE4DFEB5524A1240 /* chuaigh-mee-an-bealach-seo-cheana.mp3 in Resources */ = {isa = PBXBuildFile; fileRef = 9CC3C8391FF19A022268C560 /* chuaigh-mee-an-bealach-seo-cheana.mp3 */; };
		47324FA462550D2EACCA8458 /* personal-atlas-foundation.sqlite in Resources */ = {isa = PBXBuildFile; fileRef = 61EEF67636F73B245E384A33 /* personal-atlas-foundation.sqlite */; };
		4746C67A708392E320C5DA57 /* seaan.mp3 in Resources */ = {isa = PBXBuildFile; fileRef = A3791AE9C6843BED56243AA4 /* seaan.mp3 */; };
		4A98BE934BDDA35CDACBC7B4 /* PersonalAtlasTests.swift in Sources */ = {isa = PBXBuildFile; fileRef = A0FB07D18B0B39D279BBBCB4 /* PersonalAtlasTests.swift */; };
		4B51ECDA2373D4D233BD210C /* Models.swift in Sources */ = {isa = PBXBuildFile; fileRef = 98F0B9DF36A7A1A806DDFBC2 /* Models.swift */; };
		5197E01095FFE972306D3BFE /* taa-mee-ag-meilt-an-corcra.mp3 in Resources */ = {isa = PBXBuildFile; fileRef = 0D686B20712D545E4B3EAA55 /* taa-mee-ag-meilt-an-corcra.mp3 */; };
		5242C6018CC47D78D305A88F /* PersonalAtlasAdvancedViews.swift in Sources */ = {isa = PBXBuildFile; fileRef = BBFCFF6A552BB5A10A83E1BD /* PersonalAtlasAdvancedViews.swift */; };
		52585809AEF1E79CF45B6528 /* taa-muid-go-leeir.mp3 in Resources */ = {isa = PBXBuildFile; fileRef = BF3DFB306A64E4D681708AEA /* taa-muid-go-leeir.mp3 */; };
		5313105093EA463DB7E1FFC7 /* scriiobh-leeigh-meil-ith-codail.mp3 in Resources */ = {isa = PBXBuildFile; fileRef = A74A8EADC99A584BD6366FDA /* scriiobh-leeigh-meil-ith-codail.mp3 */; };
		5355425C0D2C6A06505873AC /* teeigh-diireach-ar-aghaidh.mp3 in Resources */ = {isa = PBXBuildFile; fileRef = F85BE5FCD4650EECC68CD5B0 /* teeigh-diireach-ar-aghaidh.mp3 */; };
		536116BB374C1EF6817E5D63 /* cluain-mhic-noois.mp3 in Resources */ = {isa = PBXBuildFile; fileRef = 0A91ADC771E96F9F37D38701 /* cluain-mhic-noois.mp3 */; };
		53F1A0181CF3ADDFA8999908 /* corcra-gorm-dearg-buii-dubh-baan.mp3 in Resources */ = {isa = PBXBuildFile; fileRef = ACC31C2CFBB1F58CC0A21BA8 /* corcra-gorm-dearg-buii-dubh-baan.mp3 */; };
		5553484F2AB04781E5299A63 /* is-buaine-focal-naa-toice-an-tsaoil.mp3 in Resources */ = {isa = PBXBuildFile; fileRef = B91C51662875951A0391806C /* is-buaine-focal-naa-toice-an-tsaoil.mp3 */; };
		5702F7911EF6DD009D8706D4 /* personal-atlas-subjects.json in Resources */ = {isa = PBXBuildFile; fileRef = DC8C5D226AC3BEB9AEAD0231 /* personal-atlas-subjects.json */; };
		5882E71143318595DFF957DC /* AtlasFlowUITests.swift in Sources */ = {isa = PBXBuildFile; fileRef = D68B4D34C099E33D7DA8C5B0 /* AtlasFlowUITests.swift */; };
		594BE668B53F37367E177FD0 /* LexemeDeck.swift in Sources */ = {isa = PBXBuildFile; fileRef = D5BA0642E3AD35D87D6638FC /* LexemeDeck.swift */; };
		59C8D8EDBB2EA1F560E68913 /* cill-ala.mp3 in Resources */ = {isa = PBXBuildFile; fileRef = 34570CB806435BD7A59DF155 /* cill-ala.mp3 */; };
		5E1296A63D77EFE85FCAF451 /* taa-muid-ag-criiochnuu-an-leabhair.mp3 in Resources */ = {isa = PBXBuildFile; fileRef = 25EA9A88183E4835C61A3CB9 /* taa-muid-ag-criiochnuu-an-leabhair.mp3 */; };
		5FC75DD5397ECC99674EC70C /* an-maith-leat-an-t-iasc.mp3 in Resources */ = {isa = PBXBuildFile; fileRef = BBDF8618A7D53ACC7886E8F7 /* an-maith-leat-an-t-iasc.mp3 */; };
		60194909667A352C5ECEB591 /* Assets.xcassets in Resources */ = {isa = PBXBuildFile; fileRef = 37ADE78AC4C9EEC9EB1D7560 /* Assets.xcassets */; };
		603DD9D1322DAEC1D6FFE50C /* dia-dhuit-a-bhriid.mp3 in Resources */ = {isa = PBXBuildFile; fileRef = 4257AF4E2BAE169F8A9501C2 /* dia-dhuit-a-bhriid.mp3 */; };
		6072B2BC8EDFDB13346BAECF /* taa-see-a-see-a-chlog.mp3 in Resources */ = {isa = PBXBuildFile; fileRef = 08868DB724ABB602301B48C4 /* taa-see-a-see-a-chlog.mp3 */; };
		611CAF5FBE6C2D4BA849614D /* personal-atlas-subjects.json in Resources */ = {isa = PBXBuildFile; fileRef = DC8C5D226AC3BEB9AEAD0231 /* personal-atlas-subjects.json */; };
		63A10E19F0AF48D89D64ACD7 /* chuaigh-mee-go-dtii-an-linn-dubh.mp3 in Resources */ = {isa = PBXBuildFile; fileRef = 35CC9160F59E31C657D5B935 /* chuaigh-mee-go-dtii-an-linn-dubh.mp3 */; };
		65F534937B6D0305A2A38C52 /* AtlasProgressTests.swift in Sources */ = {isa = PBXBuildFile; fileRef = 874C4E4007AFA6669AF53EA1 /* AtlasProgressTests.swift */; };
		66967E4CC4EAF9C587D6C8C9 /* taa-mee-ag-codladh.mp3 in Resources */ = {isa = PBXBuildFile; fileRef = 8F2FB0AE6A8B58A795EC6063 /* taa-mee-ag-codladh.mp3 */; };
		67160852FC74F0B31872D8DE /* chapter1.json in Resources */ = {isa = PBXBuildFile; fileRef = FEED52D58CA52E7BC9EA4159 /* chapter1.json */; };
		6979621FAFD82B5014ACA63F /* aon-doo-trii-ceithre-cuuig.mp3 in Resources */ = {isa = PBXBuildFile; fileRef = B029E71C452ED3679108094C /* aon-doo-trii-ceithre-cuuig.mp3 */; };
		6A7DB9FB1313D54F52C6CB50 /* t2-hands.jpg in Resources */ = {isa = PBXBuildFile; fileRef = A53526B3CFB0E118058795AD /* t2-hands.jpg */; };
		6E857163B2F8121078732FB3 /* is-maith-liom-an-t-araan.mp3 in Resources */ = {isa = PBXBuildFile; fileRef = 8F6737978479BBDF0F3EA082 /* is-maith-liom-an-t-araan.mp3 */; };
		6FA3BE0CE70C9346F8A82159 /* dia-dhuit.mp3 in Resources */ = {isa = PBXBuildFile; fileRef = B76CAF8F3618BC656F7301DA /* dia-dhuit.mp3 */; };
		723446456459A685C29FD659 /* taa-pangur-baan-ag-ithe.mp3 in Resources */ = {isa = PBXBuildFile; fileRef = 2230C699E68DDDF2C086159B /* taa-pangur-baan-ag-ithe.mp3 */; };
		72B0D0E5CF0370523696DF3C /* taa-a-fhios-agam-taa-see-salach-uaireanta.mp3 in Resources */ = {isa = PBXBuildFile; fileRef = 7E77E75710D11CD5B50816CB /* taa-a-fhios-agam-taa-see-salach-uaireanta.mp3 */; };
		72F46474838D60EECE239F11 /* nii-neart-go-cur-le-cheeile.mp3 in Resources */ = {isa = PBXBuildFile; fileRef = 8205E2FC0F0879F4FE289099 /* nii-neart-go-cur-le-cheeile.mp3 */; };
		73E33958E30D098DAC94E95E /* chonaic-mee-an-t-airgead-ar-an-scaala.mp3 in Resources */ = {isa = PBXBuildFile; fileRef = A611D5C75A4495248E1B9547 /* chonaic-mee-an-t-airgead-ar-an-scaala.mp3 */; };
		7701F0900B48CC0E9D5B154A /* Theme.swift in Sources */ = {isa = PBXBuildFile; fileRef = CE14D49BCB22BF02EF8087A6 /* Theme.swift */; };
		7879122EAB0EE4872FE05643 /* nii-maith-liom-an-t-iasc.mp3 in Resources */ = {isa = PBXBuildFile; fileRef = 906B8AEBAA80EA2E0A535FFB /* nii-maith-liom-an-t-iasc.mp3 */; };
		78BFD055CBCCCBB5C6112359 /* is-mise-daaire.mp3 in Resources */ = {isa = PBXBuildFile; fileRef = 9086110D4841373D635A6E3E /* is-mise-daaire.mp3 */; };
		790F1CB5A14F0706CDE04CF2 /* IlluminatedInitialView.swift in Sources */ = {isa = PBXBuildFile; fileRef = 9C085449F0113468DBD4DAFC /* IlluminatedInitialView.swift */; };
		7B939326C163BC8E7607767D /* fiche-pingin.mp3 in Resources */ = {isa = PBXBuildFile; fileRef = DB927C89B43ED3FE47FC8D86 /* fiche-pingin.mp3 */; };
		7BFC1B186CBC1841F055C7E0 /* TurnView.swift in Sources */ = {isa = PBXBuildFile; fileRef = 0C065E93C363E8C795F592E7 /* TurnView.swift */; };
		81D84C3D143DCC8EF628B1DB /* AtlasCollectionViews.swift in Sources */ = {isa = PBXBuildFile; fileRef = AAB89BB963E0588D2022D4C4 /* AtlasCollectionViews.swift */; };
		82EE66B32C7FC3782196CF44 /* taa-bainne-ann-freisin.mp3 in Resources */ = {isa = PBXBuildFile; fileRef = 7E3B00C1C47EF0035FA8EED6 /* taa-bainne-ann-freisin.mp3 */; };
		8390DDA19A770A63BE583BB6 /* taa-mee-ag-leeamh.mp3 in Resources */ = {isa = PBXBuildFile; fileRef = 243E439CFA282BAC372036F2 /* taa-mee-ag-leeamh.mp3 */; };
		83F46CF664B0213C51C75027 /* AppState.swift in Sources */ = {isa = PBXBuildFile; fileRef = 8BCEF1C9F6D2DD55218E5486 /* AppState.swift */; };
		8506E382A60FBBFD25DED58E /* MapView.swift in Sources */ = {isa = PBXBuildFile; fileRef = D52460D2F0305161BC3AF94A /* MapView.swift */; };
		8610A950F5A673E238FBF793 /* SpeechCatalogTests.swift in Sources */ = {isa = PBXBuildFile; fileRef = C8EA0B6B0B0833B48FD95C62 /* SpeechCatalogTests.swift */; };
		87B88683208A68B86EDCF0A8 /* trii-deeag.mp3 in Resources */ = {isa = PBXBuildFile; fileRef = 0CA720CE7FC4585B4309711F /* trii-deeag.mp3 */; };
		8A218656EDCA56F5CDA4C9F5 /* art in Resources */ = {isa = PBXBuildFile; fileRef = 391BDD989CB3BCC6C00E0769 /* art */; };
		8B3F648D21E743874F70F3C2 /* LensView.swift in Sources */ = {isa = PBXBuildFile; fileRef = C90E18890B758D4EC0F7AC1A /* LensView.swift */; };
		8BE9394EAF2E56B31242604C /* ceen-t-ainm-ataa-ort.mp3 in Resources */ = {isa = PBXBuildFile; fileRef = C12E3D9E4742CB02012278B7 /* ceen-t-ainm-ataa-ort.mp3 */; };
		8C0EA4173C51E91FCB4E71D9 /* VocabDeckView.swift in Sources */ = {isa = PBXBuildFile; fileRef = 25FBCD49335E5F527B436915 /* VocabDeckView.swift */; };
		8C685698DA36AAB7B741A582 /* taa-araan-ar-an-mbord.mp3 in Resources */ = {isa = PBXBuildFile; fileRef = B4D1F37E661802AC2462745E /* taa-araan-ar-an-mbord.mp3 */; };
		8C71DE86D0C21CA2C37D56AF /* feear.mp3 in Resources */ = {isa = PBXBuildFile; fileRef = 2186D7347ADC6466A65B1774 /* feear.mp3 */; };
		8E71E743C58A10FE56262876 /* PersonalAtlasSearchView.swift in Sources */ = {isa = PBXBuildFile; fileRef = CEA54AC88E9BEE15C73633B6 /* PersonalAtlasSearchView.swift */; };
		91C14FB4E5D95A7C6A59B39A /* is-mise.mp3 in Resources */ = {isa = PBXBuildFile; fileRef = D86DD2E61CB2E3F9E94A36E1 /* is-mise.mp3 */; };
		932EDB70A1BCA058002E4EC4 /* PersonalFoundationStore.swift in Sources */ = {isa = PBXBuildFile; fileRef = 442C26D5FFFF2AEF92BE1167 /* PersonalFoundationStore.swift */; };
		9351D43254371E36FEB0E7E4 /* caa-bhfuil-tuu-ag-teacht.mp3 in Resources */ = {isa = PBXBuildFile; fileRef = BBE5CD8E9FB12C65E8BB33F6 /* caa-bhfuil-tuu-ag-teacht.mp3 */; };
		94A972F8405863A780DB153D /* taa-muid-ag-obair-anseo-gach-laa.mp3 in Resources */ = {isa = PBXBuildFile; fileRef = E7DF1684119B683F0E5FA81F /* taa-muid-ag-obair-anseo-gach-laa.mp3 */; };
		958031E558581981998AC8DF /* taa-see-ag-eeirii-go-mall.mp3 in Resources */ = {isa = PBXBuildFile; fileRef = 1A7AA6B16852782B1FEAC640 /* taa-see-ag-eeirii-go-mall.mp3 */; };
		9633E3AB1365D565E7E602AB /* ghearr-see-an-faainne-dom.mp3 in Resources */ = {isa = PBXBuildFile; fileRef = FBD53F8B5EA166A740045A19 /* ghearr-see-an-faainne-dom.mp3 */; };
		9664DA6434484B78CDE841CE /* county-boundaries.json in Resources */ = {isa = PBXBuildFile; fileRef = 88674C47D664E6BE396B7983 /* county-boundaries.json */; };
		9A01103DC4046154A2C69852 /* dubhlinn.mp3 in Resources */ = {isa = PBXBuildFile; fileRef = D1077745898C7350C6EF4455 /* dubhlinn.mp3 */; };
		9A3EBBD2971B07E14EC87699 /* is-corcra-ee.mp3 in Resources */ = {isa = PBXBuildFile; fileRef = 132F776EC41C1F95C69BE389 /* is-corcra-ee.mp3 */; };
		9E162F411EC716EF4AD132EA /* rinne-mee-margadh-le-sigur.mp3 in Resources */ = {isa = PBXBuildFile; fileRef = C1D5865BEF20CF8D491EA4EA /* rinne-mee-margadh-le-sigur.mp3 */; };
		9E84CC9BED41BA710DD2DA83 /* art-exploration in Resources */ = {isa = PBXBuildFile; fileRef = AD7DBE9DE6F5A1DAA771B1B4 /* art-exploration */; };
		A164E2C653AF07C2EB979836 /* taa-mee-ag-meilt.mp3 in Resources */ = {isa = PBXBuildFile; fileRef = 92D33CE3B7AA33A1129248CD /* taa-mee-ag-meilt.mp3 */; };
		A354363EAA1EBB38255CFFAD /* mac.mp3 in Resources */ = {isa = PBXBuildFile; fileRef = 66E588B73B3110E5AD7E5F7E /* mac.mp3 */; };
		A5D2B4BA58EBB639DA6536C6 /* ar-scaath-a-cheeile-a-mhaireann-na-daoine.mp3 in Resources */ = {isa = PBXBuildFile; fileRef = B23BCCE33635944C35D9A430 /* ar-scaath-a-cheeile-a-mhaireann-na-daoine.mp3 */; };
		A5D607749132155D7EB0B5EF /* caol-le-caol-agus-leathan-le-leathan.mp3 in Resources */ = {isa = PBXBuildFile; fileRef = 0DAE826723F87C60C36F1133 /* caol-le-caol-agus-leathan-le-leathan.mp3 */; };
		A97246159B41C5F1278D6A20 /* deirfiuur.mp3 in Resources */ = {isa = PBXBuildFile; fileRef = 36B0B2AF17A9112E960C44AF /* deirfiuur.mp3 */; };
		A98E818546F007DB8B6C29EB /* MuseumView.swift in Sources */ = {isa = PBXBuildFile; fileRef = 73280D4D2562D1835079B54E /* MuseumView.swift */; };
		A9EAF6BE25C1A9F98EA59E56 /* PatternsView.swift in Sources */ = {isa = PBXBuildFile; fileRef = 01EFA1CE49397981F3585BA0 /* PatternsView.swift */; };
		AAC3C871AD17D8C35E238ADF /* cad-a-chonaic-tuu.mp3 in Resources */ = {isa = PBXBuildFile; fileRef = 4891ADD452F5F56BBB2A59B5 /* cad-a-chonaic-tuu.mp3 */; };
		AD984A19F5374884369CAD98 /* JourneyView.swift in Sources */ = {isa = PBXBuildFile; fileRef = 721CD5B070C615370B65AFD8 /* JourneyView.swift */; };
		AF309E88B912C9018DDD9836 /* RecarveView.swift in Sources */ = {isa = PBXBuildFile; fileRef = 5C79B531426D7F12AFACCAA7 /* RecarveView.swift */; };
		B0E86A96338E1DC5AB755550 /* chapter3.json in Resources */ = {isa = PBXBuildFile; fileRef = 2EDF2584F35E43CE084030A2 /* chapter3.json */; };
		B30F060A8ABF321BB31F0A43 /* CoverView.swift in Sources */ = {isa = PBXBuildFile; fileRef = 2D48D0E32F66600DB0CA46AA /* CoverView.swift */; };
		B36C4F56075AE51F9CE5709A /* see-seacht-ocht-naoi-deich.mp3 in Resources */ = {isa = PBXBuildFile; fileRef = 8C5C6D3AEA5F0290E01858E4 /* see-seacht-ocht-naoi-deich.mp3 */; };
		B3A7C49E4A7517F7FF45E144 /* libsqlite3.tbd in Frameworks */ = {isa = PBXBuildFile; fileRef = F9D107B69D7D188349DEE25A /* libsqlite3.tbd */; };
		B98878A17144D3506C0CB08F /* slaan-go-fooill.mp3 in Resources */ = {isa = PBXBuildFile; fileRef = 32F24BACC1F202F70B86AB60 /* slaan-go-fooill.mp3 */; };
		BB0DDAD2069F18D8A646825F /* KeyboardPerformanceUITests.swift in Sources */ = {isa = PBXBuildFile; fileRef = 5950777640C24711693597E1 /* KeyboardPerformanceUITests.swift */; };
		BCAD2F8FEDA58FD14F710AE5 /* cee-thusa.mp3 in Resources */ = {isa = PBXBuildFile; fileRef = 4258E63E83B9EF46394F55F8 /* cee-thusa.mp3 */; };
		BEF3B1181C09C641DAAB2C52 /* PatternDrill.swift in Sources */ = {isa = PBXBuildFile; fileRef = A993AF941E2E299FA88BC755 /* PatternDrill.swift */; };
		CA599CBD388FDF267E4CE3CE /* dearthaair.mp3 in Resources */ = {isa = PBXBuildFile; fileRef = 0CA1DBEFB9702B59A6D37753 /* dearthaair.mp3 */; };
		CA9C535CC8E9265C0AF53F05 /* innee-caa-bhfuair-tuu-na-brooga.mp3 in Resources */ = {isa = PBXBuildFile; fileRef = DD221C558F4FD97CA930FC53 /* innee-caa-bhfuair-tuu-na-brooga.mp3 */; };
		CD321E7B2862B58D8F4CBD21 /* PersonalAtlasRepository.swift in Sources */ = {isa = PBXBuildFile; fileRef = B338D716D1A513DEC1BBF0A2 /* PersonalAtlasRepository.swift */; };
		CD9CD8AA577DCEFB17D64C6F /* EchoView.swift in Sources */ = {isa = PBXBuildFile; fileRef = EC5B6E9378BE9BA2399E468B /* EchoView.swift */; };
		CF0287461C8CA75446B22D34 /* is-maith-liom-an-t-iasc.mp3 in Resources */ = {isa = PBXBuildFile; fileRef = 6175C1A998DEE9D916D14B60 /* is-maith-liom-an-t-iasc.mp3 */; };
		CF7E7EAF2A6DF50B68791CFB /* baile-aatha-cliath.mp3 in Resources */ = {isa = PBXBuildFile; fileRef = 646726CCCB5C25DF21C74E2D /* baile-aatha-cliath.mp3 */; };
		D039DDD372A98B80F19FB0F3 /* journey.json in Resources */ = {isa = PBXBuildFile; fileRef = 21A7F77D9E848D6268AB988F /* journey.json */; };
		D1FA16F4C5A39455EBA5886A /* s3-yard.jpg in Resources */ = {isa = PBXBuildFile; fileRef = 43A9091BEB05532313736956 /* s3-yard.jpg */; };
		D24DD3DAD0ED6A5DCA589FF5 /* CountyBoundaryAtlas.swift in Sources */ = {isa = PBXBuildFile; fileRef = 7EC0C1D5DCC022703AD3CA24 /* CountyBoundaryAtlas.swift */; };
		D6FBBD7117E65C575D176544 /* is-as-maigh-eo-mee.mp3 in Resources */ = {isa = PBXBuildFile; fileRef = DBB42949F7E9275B1E2DF2DA /* is-as-maigh-eo-mee.mp3 */; };
		D729DE2694195386A90DF005 /* taa-mee-ag-obair-anseo.mp3 in Resources */ = {isa = PBXBuildFile; fileRef = 40FF161127B8ACC955F30AA8 /* taa-mee-ag-obair-anseo.mp3 */; };
		DDAA8089EF264B7DEA0F111B /* chapter2.json in Resources */ = {isa = PBXBuildFile; fileRef = 50D76EFD5BAFF39C9743A747 /* chapter2.json */; };
		DDB874BDFF1C9A0F2FA39541 /* Haptics.swift in Sources */ = {isa = PBXBuildFile; fileRef = D26F137EF38F91C2C2AEE955 /* Haptics.swift */; };
		DE467353A69DC7C7C723938D /* DiscoverView.swift in Sources */ = {isa = PBXBuildFile; fileRef = C6BCDF60A086F036ECEFADD7 /* DiscoverView.swift */; };
		DF60B414BB0E320828DA7B35 /* PersonalAtlasModels.swift in Sources */ = {isa = PBXBuildFile; fileRef = 7E6CE74FF84F24216194F05D /* PersonalAtlasModels.swift */; };
		E00D67D1DFFDB5E4078A87E3 /* ceithre-deeag-pingin.mp3 in Resources */ = {isa = PBXBuildFile; fileRef = 291B549328976C8F333DF953 /* ceithre-deeag-pingin.mp3 */; };
		E4FF9FC3C1704246D24BC4AA /* is-mise-murchadh.mp3 in Resources */ = {isa = PBXBuildFile; fileRef = 402B813CE6458D657E24F68A /* is-mise-murchadh.mp3 */; };
		E7AE1D983E54B31CDC1686CB /* Ogham.swift in Sources */ = {isa = PBXBuildFile; fileRef = 4A806D8C653B1FC0A245A1B5 /* Ogham.swift */; };
		E9F462FDB23CC080AB4A3F43 /* dhiiol-mee-an-t-iasc.mp3 in Resources */ = {isa = PBXBuildFile; fileRef = C5CBC2937BAFA27361E9F4F8 /* dhiiol-mee-an-t-iasc.mp3 */; };
		ED6373DCFEA1395BE0FF4BE7 /* Speech.swift in Sources */ = {isa = PBXBuildFile; fileRef = C0991F4C3A66625481192D91 /* Speech.swift */; };
		EDC7B2EFCC6B73996FB75EC3 /* dearg.mp3 in Resources */ = {isa = PBXBuildFile; fileRef = B866596A22D1942B6440325E /* dearg.mp3 */; };
		EF320ECD22F97288EB402D1E /* AtlasPrototype.swift in Sources */ = {isa = PBXBuildFile; fileRef = 7C5AEE39AE7F07960762B9BF /* AtlasPrototype.swift */; };
		F30883FE1B143B39933BD55E /* MayoStoryPrototype.swift in Sources */ = {isa = PBXBuildFile; fileRef = 17900ACB1A51B1AFBB1355CC /* MayoStoryPrototype.swift */; };
		FC615BAFC48F4AADADD36D58 /* thaainig-na-longa-oo-thuaidh.mp3 in Resources */ = {isa = PBXBuildFile; fileRef = FC41B06995A938799E0948BE /* thaainig-na-longa-oo-thuaidh.mp3 */; };
/* End PBXBuildFile section */

/* Begin PBXContainerItemProxy section */
		B5DF0C12BF0AEB6845121925 /* PBXContainerItemProxy */ = {
			isa = PBXContainerItemProxy;
			containerPortal = 917BE851C7EB0537DB64410E /* Project object */;
			proxyType = 1;
			remoteGlobalIDString = 3E2660E8833CD11BC9BCBCA6;
			remoteInfo = AnTuras;
		};
		F1853E4E00FCBDDE50CB62A6 /* PBXContainerItemProxy */ = {
			isa = PBXContainerItemProxy;
			containerPortal = 917BE851C7EB0537DB64410E /* Project object */;
			proxyType = 1;
			remoteGlobalIDString = 3E2660E8833CD11BC9BCBCA6;
			remoteInfo = AnTuras;
		};
/* End PBXContainerItemProxy section */

/* Begin PBXFileReference section */
		01EFA1CE49397981F3585BA0 /* PatternsView.swift */ = {isa = PBXFileReference; lastKnownFileType = sourcecode.swift; path = PatternsView.swift; sourceTree = "<group>"; };
		05A7460356B6290610CA2B64 /* cee-as-thuu.mp3 */ = {isa = PBXFileReference; lastKnownFileType = audio.mp3; path = "cee-as-thuu.mp3"; sourceTree = "<group>"; };
		08868DB724ABB602301B48C4 /* taa-see-a-see-a-chlog.mp3 */ = {isa = PBXFileReference; lastKnownFileType = audio.mp3; path = "taa-see-a-see-a-chlog.mp3"; sourceTree = "<group>"; };
		0A91ADC771E96F9F37D38701 /* cluain-mhic-noois.mp3 */ = {isa = PBXFileReference; lastKnownFileType = audio.mp3; path = "cluain-mhic-noois.mp3"; sourceTree = "<group>"; };
		0C065E93C363E8C795F592E7 /* TurnView.swift */ = {isa = PBXFileReference; lastKnownFileType = sourcecode.swift; path = TurnView.swift; sourceTree = "<group>"; };
		0C5DDA39E54C0E111ED23C9E /* SessionView.swift */ = {isa = PBXFileReference; lastKnownFileType = sourcecode.swift; path = SessionView.swift; sourceTree = "<group>"; };
		0CA1DBEFB9702B59A6D37753 /* dearthaair.mp3 */ = {isa = PBXFileReference; lastKnownFileType = audio.mp3; path = dearthaair.mp3; sourceTree = "<group>"; };
		0CA720CE7FC4585B4309711F /* trii-deeag.mp3 */ = {isa = PBXFileReference; lastKnownFileType = audio.mp3; path = "trii-deeag.mp3"; sourceTree = "<group>"; };
		0D686B20712D545E4B3EAA55 /* taa-mee-ag-meilt-an-corcra.mp3 */ = {isa = PBXFileReference; lastKnownFileType = audio.mp3; path = "taa-mee-ag-meilt-an-corcra.mp3"; sourceTree = "<group>"; };
		0DAE826723F87C60C36F1133 /* caol-le-caol-agus-leathan-le-leathan.mp3 */ = {isa = PBXFileReference; lastKnownFileType = audio.mp3; path = "caol-le-caol-agus-leathan-le-leathan.mp3"; sourceTree = "<group>"; };
		0DF2AD883FE645B57C9B33F6 /* taa-mee-ag-scriiobh.mp3 */ = {isa = PBXFileReference; lastKnownFileType = audio.mp3; path = "taa-mee-ag-scriiobh.mp3"; sourceTree = "<group>"; };
		11987CAE4054C1FC81E9E792 /* Info.plist */ = {isa = PBXFileReference; lastKnownFileType = text.plist; path = Info.plist; sourceTree = "<group>"; };
		132F776EC41C1F95C69BE389 /* is-corcra-ee.mp3 */ = {isa = PBXFileReference; lastKnownFileType = audio.mp3; path = "is-corcra-ee.mp3"; sourceTree = "<group>"; };
		176C6FF19CDCE6D1894D80B8 /* ArmRingView.swift */ = {isa = PBXFileReference; lastKnownFileType = sourcecode.swift; path = ArmRingView.swift; sourceTree = "<group>"; };
		17900ACB1A51B1AFBB1355CC /* MayoStoryPrototype.swift */ = {isa = PBXFileReference; lastKnownFileType = sourcecode.swift; path = MayoStoryPrototype.swift; sourceTree = "<group>"; };
		181D8C8B5BBCE7C8C79CA90A /* seo-briid-m-iniion.mp3 */ = {isa = PBXFileReference; lastKnownFileType = audio.mp3; path = "seo-briid-m-iniion.mp3"; sourceTree = "<group>"; };
		1A7AA6B16852782B1FEAC640 /* taa-see-ag-eeirii-go-mall.mp3 */ = {isa = PBXFileReference; lastKnownFileType = audio.mp3; path = "taa-see-ag-eeirii-go-mall.mp3"; sourceTree = "<group>"; };
		1D3FC4222184006F9D293703 /* taa-a-fhios-agam-anois.mp3 */ = {isa = PBXFileReference; lastKnownFileType = audio.mp3; path = "taa-a-fhios-agam-anois.mp3"; sourceTree = "<group>"; };
		207586C489D4867A4A73B336 /* t1-pillar.jpg */ = {isa = PBXFileReference; lastKnownFileType = image.jpeg; path = "t1-pillar.jpg"; sourceTree = "<group>"; };
		2186D7347ADC6466A65B1774 /* feear.mp3 */ = {isa = PBXFileReference; lastKnownFileType = audio.mp3; path = feear.mp3; sourceTree = "<group>"; };
		21A7F77D9E848D6268AB988F /* journey.json */ = {isa = PBXFileReference; lastKnownFileType = text.json; path = journey.json; sourceTree = "<group>"; };
		21F12E2C5D7BEEE8AE24345B /* chonaic-tuu-an-t-airgead.mp3 */ = {isa = PBXFileReference; lastKnownFileType = audio.mp3; path = "chonaic-tuu-an-t-airgead.mp3"; sourceTree = "<group>"; };
		2230C699E68DDDF2C086159B /* taa-pangur-baan-ag-ithe.mp3 */ = {isa = PBXFileReference; lastKnownFileType = audio.mp3; path = "taa-pangur-baan-ag-ithe.mp3"; sourceTree = "<group>"; };
		243E439CFA282BAC372036F2 /* taa-mee-ag-leeamh.mp3 */ = {isa = PBXFileReference; lastKnownFileType = audio.mp3; path = "taa-mee-ag-leeamh.mp3"; sourceTree = "<group>"; };
		25EA9A88183E4835C61A3CB9 /* taa-muid-ag-criiochnuu-an-leabhair.mp3 */ = {isa = PBXFileReference; lastKnownFileType = audio.mp3; path = "taa-muid-ag-criiochnuu-an-leabhair.mp3"; sourceTree = "<group>"; };
		25FBCD49335E5F527B436915 /* VocabDeckView.swift */ = {isa = PBXFileReference; lastKnownFileType = sourcecode.swift; path = VocabDeckView.swift; sourceTree = "<group>"; };
		291B549328976C8F333DF953 /* ceithre-deeag-pingin.mp3 */ = {isa = PBXFileReference; lastKnownFileType = audio.mp3; path = "ceithre-deeag-pingin.mp3"; sourceTree = "<group>"; };
		2D48D0E32F66600DB0CA46AA /* CoverView.swift */ = {isa = PBXFileReference; lastKnownFileType = sourcecode.swift; path = CoverView.swift; sourceTree = "<group>"; };
		2EDF2584F35E43CE084030A2 /* chapter3.json */ = {isa = PBXFileReference; lastKnownFileType = text.json; path = chapter3.json; sourceTree = "<group>"; };
		32F24BACC1F202F70B86AB60 /* slaan-go-fooill.mp3 */ = {isa = PBXFileReference; lastKnownFileType = audio.mp3; path = "slaan-go-fooill.mp3"; sourceTree = "<group>"; };
		34570CB806435BD7A59DF155 /* cill-ala.mp3 */ = {isa = PBXFileReference; lastKnownFileType = audio.mp3; path = "cill-ala.mp3"; sourceTree = "<group>"; };
		35CC9160F59E31C657D5B935 /* chuaigh-mee-go-dtii-an-linn-dubh.mp3 */ = {isa = PBXFileReference; lastKnownFileType = audio.mp3; path = "chuaigh-mee-go-dtii-an-linn-dubh.mp3"; sourceTree = "<group>"; };
		36B0B2AF17A9112E960C44AF /* deirfiuur.mp3 */ = {isa = PBXFileReference; lastKnownFileType = audio.mp3; path = deirfiuur.mp3; sourceTree = "<group>"; };
		37ADE78AC4C9EEC9EB1D7560 /* Assets.xcassets */ = {isa = PBXFileReference; lastKnownFileType = folder.assetcatalog; path = Assets.xcassets; sourceTree = "<group>"; };
		3855760E1F84F5E302464F54 /* AnTuras.app */ = {isa = PBXFileReference; includeInIndex = 0; lastKnownFileType = wrapper.application; path = AnTuras.app; sourceTree = BUILT_PRODUCTS_DIR; };
		3889872C263FE00F2B62C9EA /* ceead-miile-faailte.mp3 */ = {isa = PBXFileReference; lastKnownFileType = audio.mp3; path = "ceead-miile-faailte.mp3"; sourceTree = "<group>"; };
		391BDD989CB3BCC6C00E0769 /* art */ = {isa = PBXFileReference; lastKnownFileType = folder; name = art; path = AnTuras/Resources/art; sourceTree = SOURCE_ROOT; };
		402B813CE6458D657E24F68A /* is-mise-murchadh.mp3 */ = {isa = PBXFileReference; lastKnownFileType = audio.mp3; path = "is-mise-murchadh.mp3"; sourceTree = "<group>"; };
		40FF161127B8ACC955F30AA8 /* taa-mee-ag-obair-anseo.mp3 */ = {isa = PBXFileReference; lastKnownFileType = audio.mp3; path = "taa-mee-ag-obair-anseo.mp3"; sourceTree = "<group>"; };
		4257AF4E2BAE169F8A9501C2 /* dia-dhuit-a-bhriid.mp3 */ = {isa = PBXFileReference; lastKnownFileType = audio.mp3; path = "dia-dhuit-a-bhriid.mp3"; sourceTree = "<group>"; };
		4258E63E83B9EF46394F55F8 /* cee-thusa.mp3 */ = {isa = PBXFileReference; lastKnownFileType = audio.mp3; path = "cee-thusa.mp3"; sourceTree = "<group>"; };
		43A9091BEB05532313736956 /* s3-yard.jpg */ = {isa = PBXFileReference; lastKnownFileType = image.jpeg; path = "s3-yard.jpg"; sourceTree = "<group>"; };
		442C26D5FFFF2AEF92BE1167 /* PersonalFoundationStore.swift */ = {isa = PBXFileReference; lastKnownFileType = sourcecode.swift; path = PersonalFoundationStore.swift; sourceTree = "<group>"; };
		4891ADD452F5F56BBB2A59B5 /* cad-a-chonaic-tuu.mp3 */ = {isa = PBXFileReference; lastKnownFileType = audio.mp3; path = "cad-a-chonaic-tuu.mp3"; sourceTree = "<group>"; };
		4A806D8C653B1FC0A245A1B5 /* Ogham.swift */ = {isa = PBXFileReference; lastKnownFileType = sourcecode.swift; path = Ogham.swift; sourceTree = "<group>"; };
		50D76EFD5BAFF39C9743A747 /* chapter2.json */ = {isa = PBXFileReference; lastKnownFileType = text.json; path = chapter2.json; sourceTree = "<group>"; };
		51311FFB505EECA6AEA0FE16 /* cuuig.mp3 */ = {isa = PBXFileReference; lastKnownFileType = audio.mp3; path = cuuig.mp3; sourceTree = "<group>"; };
		5950777640C24711693597E1 /* KeyboardPerformanceUITests.swift */ = {isa = PBXFileReference; lastKnownFileType = sourcecode.swift; path = KeyboardPerformanceUITests.swift; sourceTree = "<group>"; };
		5C2B57846925D0CBC2646A79 /* chonaic-mee-deatach-ar-an-bhfaanaii.mp3 */ = {isa = PBXFileReference; lastKnownFileType = audio.mp3; path = "chonaic-mee-deatach-ar-an-bhfaanaii.mp3"; sourceTree = "<group>"; };
		5C79B531426D7F12AFACCAA7 /* RecarveView.swift */ = {isa = PBXFileReference; lastKnownFileType = sourcecode.swift; path = RecarveView.swift; sourceTree = "<group>"; };
		6175C1A998DEE9D916D14B60 /* is-maith-liom-an-t-iasc.mp3 */ = {isa = PBXFileReference; lastKnownFileType = audio.mp3; path = "is-maith-liom-an-t-iasc.mp3"; sourceTree = "<group>"; };
		61EEF67636F73B245E384A33 /* personal-atlas-foundation.sqlite */ = {isa = PBXFileReference; lastKnownFileType = file; path = "personal-atlas-foundation.sqlite"; sourceTree = "<group>"; };
		646726CCCB5C25DF21C74E2D /* baile-aatha-cliath.mp3 */ = {isa = PBXFileReference; lastKnownFileType = audio.mp3; path = "baile-aatha-cliath.mp3"; sourceTree = "<group>"; };
		64DFC9A734752CE8D899A879 /* cheannaigh-mee-brooga-anseo-innee.mp3 */ = {isa = PBXFileReference; lastKnownFileType = audio.mp3; path = "cheannaigh-mee-brooga-anseo-innee.mp3"; sourceTree = "<group>"; };
		66E588B73B3110E5AD7E5F7E /* mac.mp3 */ = {isa = PBXFileReference; lastKnownFileType = audio.mp3; path = mac.mp3; sourceTree = "<group>"; };
		721CD5B070C615370B65AFD8 /* JourneyView.swift */ = {isa = PBXFileReference; lastKnownFileType = sourcecode.swift; path = JourneyView.swift; sourceTree = "<group>"; };
		73280D4D2562D1835079B54E /* MuseumView.swift */ = {isa = PBXFileReference; lastKnownFileType = sourcecode.swift; path = MuseumView.swift; sourceTree = "<group>"; };
		7935C5DD23A200427D4FFF74 /* IslandAtlasView.swift */ = {isa = PBXFileReference; lastKnownFileType = sourcecode.swift; path = IslandAtlasView.swift; sourceTree = "<group>"; };
		7AD4129B3564B7CF12160B32 /* IrelandShape.swift */ = {isa = PBXFileReference; lastKnownFileType = sourcecode.swift; path = IrelandShape.swift; sourceTree = "<group>"; };
		7C5AEE39AE7F07960762B9BF /* AtlasPrototype.swift */ = {isa = PBXFileReference; lastKnownFileType = sourcecode.swift; path = AtlasPrototype.swift; sourceTree = "<group>"; };
		7E3B00C1C47EF0035FA8EED6 /* taa-bainne-ann-freisin.mp3 */ = {isa = PBXFileReference; lastKnownFileType = audio.mp3; path = "taa-bainne-ann-freisin.mp3"; sourceTree = "<group>"; };
		7E6CE74FF84F24216194F05D /* PersonalAtlasModels.swift */ = {isa = PBXFileReference; lastKnownFileType = sourcecode.swift; path = PersonalAtlasModels.swift; sourceTree = "<group>"; };
		7E77E75710D11CD5B50816CB /* taa-a-fhios-agam-taa-see-salach-uaireanta.mp3 */ = {isa = PBXFileReference; lastKnownFileType = audio.mp3; path = "taa-a-fhios-agam-taa-see-salach-uaireanta.mp3"; sourceTree = "<group>"; };
		7EC0C1D5DCC022703AD3CA24 /* CountyBoundaryAtlas.swift */ = {isa = PBXFileReference; lastKnownFileType = sourcecode.swift; path = CountyBoundaryAtlas.swift; sourceTree = "<group>"; };
		8205E2FC0F0879F4FE289099 /* nii-neart-go-cur-le-cheeile.mp3 */ = {isa = PBXFileReference; lastKnownFileType = audio.mp3; path = "nii-neart-go-cur-le-cheeile.mp3"; sourceTree = "<group>"; };
		8222FF923CA8EEAC43EBA19C /* ArtifactView.swift */ = {isa = PBXFileReference; lastKnownFileType = sourcecode.swift; path = ArtifactView.swift; sourceTree = "<group>"; };
		874C4E4007AFA6669AF53EA1 /* AtlasProgressTests.swift */ = {isa = PBXFileReference; lastKnownFileType = sourcecode.swift; path = AtlasProgressTests.swift; sourceTree = "<group>"; };
		88674C47D664E6BE396B7983 /* county-boundaries.json */ = {isa = PBXFileReference; lastKnownFileType = text.json; path = "county-boundaries.json"; sourceTree = "<group>"; };
		8A3079A200FC35A8212B2586 /* rinne-siad-damaaiste.mp3 */ = {isa = PBXFileReference; lastKnownFileType = audio.mp3; path = "rinne-siad-damaaiste.mp3"; sourceTree = "<group>"; };
		8B0A61595DCD649D0050F178 /* AnTurasUITests.xctest */ = {isa = PBXFileReference; includeInIndex = 0; lastKnownFileType = wrapper.cfbundle; path = AnTurasUITests.xctest; sourceTree = BUILT_PRODUCTS_DIR; };
		8BCEF1C9F6D2DD55218E5486 /* AppState.swift */ = {isa = PBXFileReference; lastKnownFileType = sourcecode.swift; path = AppState.swift; sourceTree = "<group>"; };
		8C5C6D3AEA5F0290E01858E4 /* see-seacht-ocht-naoi-deich.mp3 */ = {isa = PBXFileReference; lastKnownFileType = audio.mp3; path = "see-seacht-ocht-naoi-deich.mp3"; sourceTree = "<group>"; };
		8F2FB0AE6A8B58A795EC6063 /* taa-mee-ag-codladh.mp3 */ = {isa = PBXFileReference; lastKnownFileType = audio.mp3; path = "taa-mee-ag-codladh.mp3"; sourceTree = "<group>"; };
		8F6737978479BBDF0F3EA082 /* is-maith-liom-an-t-araan.mp3 */ = {isa = PBXFileReference; lastKnownFileType = audio.mp3; path = "is-maith-liom-an-t-araan.mp3"; sourceTree = "<group>"; };
		906B8AEBAA80EA2E0A535FFB /* nii-maith-liom-an-t-iasc.mp3 */ = {isa = PBXFileReference; lastKnownFileType = audio.mp3; path = "nii-maith-liom-an-t-iasc.mp3"; sourceTree = "<group>"; };
		9086110D4841373D635A6E3E /* is-mise-daaire.mp3 */ = {isa = PBXFileReference; lastKnownFileType = audio.mp3; path = "is-mise-daaire.mp3"; sourceTree = "<group>"; };
		92D33CE3B7AA33A1129248CD /* taa-mee-ag-meilt.mp3 */ = {isa = PBXFileReference; lastKnownFileType = audio.mp3; path = "taa-mee-ag-meilt.mp3"; sourceTree = "<group>"; };
		96ECBBA4D43B006C5098EBEF /* graainne-nii-mhaaille.mp3 */ = {isa = PBXFileReference; lastKnownFileType = audio.mp3; path = "graainne-nii-mhaaille.mp3"; sourceTree = "<group>"; };
		97097A62B4353A11E056C39B /* is-margadh-moor-ee-seo.mp3 */ = {isa = PBXFileReference; lastKnownFileType = audio.mp3; path = "is-margadh-moor-ee-seo.mp3"; sourceTree = "<group>"; };
		98F0B9DF36A7A1A806DDFBC2 /* Models.swift */ = {isa = PBXFileReference; lastKnownFileType = sourcecode.swift; path = Models.swift; sourceTree = "<group>"; };
		993E347C847AEBA6BE010610 /* maith-an-margadh.mp3 */ = {isa = PBXFileReference; lastKnownFileType = audio.mp3; path = "maith-an-margadh.mp3"; sourceTree = "<group>"; };
		9C085449F0113468DBD4DAFC /* IlluminatedInitialView.swift */ = {isa = PBXFileReference; lastKnownFileType = sourcecode.swift; path = IlluminatedInitialView.swift; sourceTree = "<group>"; };
		9CC3C8391FF19A022268C560 /* chuaigh-mee-an-bealach-seo-cheana.mp3 */ = {isa = PBXFileReference; lastKnownFileType = audio.mp3; path = "chuaigh-mee-an-bealach-seo-cheana.mp3"; sourceTree = "<group>"; };
		A0FB07D18B0B39D279BBBCB4 /* PersonalAtlasTests.swift */ = {isa = PBXFileReference; lastKnownFileType = sourcecode.swift; path = PersonalAtlasTests.swift; sourceTree = "<group>"; };
		A3791AE9C6843BED56243AA4 /* seaan.mp3 */ = {isa = PBXFileReference; lastKnownFileType = audio.mp3; path = seaan.mp3; sourceTree = "<group>"; };
		A53526B3CFB0E118058795AD /* t2-hands.jpg */ = {isa = PBXFileReference; lastKnownFileType = image.jpeg; path = "t2-hands.jpg"; sourceTree = "<group>"; };
		A611D5C75A4495248E1B9547 /* chonaic-mee-an-t-airgead-ar-an-scaala.mp3 */ = {isa = PBXFileReference; lastKnownFileType = audio.mp3; path = "chonaic-mee-an-t-airgead-ar-an-scaala.mp3"; sourceTree = "<group>"; };
		A74A8EADC99A584BD6366FDA /* scriiobh-leeigh-meil-ith-codail.mp3 */ = {isa = PBXFileReference; lastKnownFileType = audio.mp3; path = "scriiobh-leeigh-meil-ith-codail.mp3"; sourceTree = "<group>"; };
		A993AF941E2E299FA88BC755 /* PatternDrill.swift */ = {isa = PBXFileReference; lastKnownFileType = sourcecode.swift; path = PatternDrill.swift; sourceTree = "<group>"; };
		AAB89BB963E0588D2022D4C4 /* AtlasCollectionViews.swift */ = {isa = PBXFileReference; lastKnownFileType = sourcecode.swift; path = AtlasCollectionViews.swift; sourceTree = "<group>"; };
		ACC31C2CFBB1F58CC0A21BA8 /* corcra-gorm-dearg-buii-dubh-baan.mp3 */ = {isa = PBXFileReference; lastKnownFileType = audio.mp3; path = "corcra-gorm-dearg-buii-dubh-baan.mp3"; sourceTree = "<group>"; };
		AD7DBE9DE6F5A1DAA771B1B4 /* art-exploration */ = {isa = PBXFileReference; lastKnownFileType = folder; path = "art-exploration"; sourceTree = SOURCE_ROOT; };
		B029E71C452ED3679108094C /* aon-doo-trii-ceithre-cuuig.mp3 */ = {isa = PBXFileReference; lastKnownFileType = audio.mp3; path = "aon-doo-trii-ceithre-cuuig.mp3"; sourceTree = "<group>"; };
		B23BCCE33635944C35D9A430 /* ar-scaath-a-cheeile-a-mhaireann-na-daoine.mp3 */ = {isa = PBXFileReference; lastKnownFileType = audio.mp3; path = "ar-scaath-a-cheeile-a-mhaireann-na-daoine.mp3"; sourceTree = "<group>"; };
		B338D716D1A513DEC1BBF0A2 /* PersonalAtlasRepository.swift */ = {isa = PBXFileReference; lastKnownFileType = sourcecode.swift; path = PersonalAtlasRepository.swift; sourceTree = "<group>"; };
		B4D1F37E661802AC2462745E /* taa-araan-ar-an-mbord.mp3 */ = {isa = PBXFileReference; lastKnownFileType = audio.mp3; path = "taa-araan-ar-an-mbord.mp3"; sourceTree = "<group>"; };
		B76CAF8F3618BC656F7301DA /* dia-dhuit.mp3 */ = {isa = PBXFileReference; lastKnownFileType = audio.mp3; path = "dia-dhuit.mp3"; sourceTree = "<group>"; };
		B866596A22D1942B6440325E /* dearg.mp3 */ = {isa = PBXFileReference; lastKnownFileType = audio.mp3; path = dearg.mp3; sourceTree = "<group>"; };
		B91C51662875951A0391806C /* is-buaine-focal-naa-toice-an-tsaoil.mp3 */ = {isa = PBXFileReference; lastKnownFileType = audio.mp3; path = "is-buaine-focal-naa-toice-an-tsaoil.mp3"; sourceTree = "<group>"; };
		BBDF8618A7D53ACC7886E8F7 /* an-maith-leat-an-t-iasc.mp3 */ = {isa = PBXFileReference; lastKnownFileType = audio.mp3; path = "an-maith-leat-an-t-iasc.mp3"; sourceTree = "<group>"; };
		BBE5CD8E9FB12C65E8BB33F6 /* caa-bhfuil-tuu-ag-teacht.mp3 */ = {isa = PBXFileReference; lastKnownFileType = audio.mp3; path = "caa-bhfuil-tuu-ag-teacht.mp3"; sourceTree = "<group>"; };
		BBFCFF6A552BB5A10A83E1BD /* PersonalAtlasAdvancedViews.swift */ = {isa = PBXFileReference; lastKnownFileType = sourcecode.swift; path = PersonalAtlasAdvancedViews.swift; sourceTree = "<group>"; };
		BF3DFB306A64E4D681708AEA /* taa-muid-go-leeir.mp3 */ = {isa = PBXFileReference; lastKnownFileType = audio.mp3; path = "taa-muid-go-leeir.mp3"; sourceTree = "<group>"; };
		C0991F4C3A66625481192D91 /* Speech.swift */ = {isa = PBXFileReference; lastKnownFileType = sourcecode.swift; path = Speech.swift; sourceTree = "<group>"; };
		C12E3D9E4742CB02012278B7 /* ceen-t-ainm-ataa-ort.mp3 */ = {isa = PBXFileReference; lastKnownFileType = audio.mp3; path = "ceen-t-ainm-ataa-ort.mp3"; sourceTree = "<group>"; };
		C1D5865BEF20CF8D491EA4EA /* rinne-mee-margadh-le-sigur.mp3 */ = {isa = PBXFileReference; lastKnownFileType = audio.mp3; path = "rinne-mee-margadh-le-sigur.mp3"; sourceTree = "<group>"; };
		C5CBC2937BAFA27361E9F4F8 /* dhiiol-mee-an-t-iasc.mp3 */ = {isa = PBXFileReference; lastKnownFileType = audio.mp3; path = "dhiiol-mee-an-t-iasc.mp3"; sourceTree = "<group>"; };
		C6719EE7E8EBA974E982835F /* taa-a-fhios-agam.mp3 */ = {isa = PBXFileReference; lastKnownFileType = audio.mp3; path = "taa-a-fhios-agam.mp3"; sourceTree = "<group>"; };
		C6BCDF60A086F036ECEFADD7 /* DiscoverView.swift */ = {isa = PBXFileReference; lastKnownFileType = sourcecode.swift; path = DiscoverView.swift; sourceTree = "<group>"; };
		C6FF4D8B7082E2477A6D5D83 /* AnTurasApp.swift */ = {isa = PBXFileReference; lastKnownFileType = sourcecode.swift; path = AnTurasApp.swift; sourceTree = "<group>"; };
		C7DCBDD0F3C21327A44A2563 /* manifest.json */ = {isa = PBXFileReference; lastKnownFileType = text.json; path = manifest.json; sourceTree = "<group>"; };
		C8EA0B6B0B0833B48FD95C62 /* SpeechCatalogTests.swift */ = {isa = PBXFileReference; lastKnownFileType = sourcecode.swift; path = SpeechCatalogTests.swift; sourceTree = "<group>"; };
		C90E18890B758D4EC0F7AC1A /* LensView.swift */ = {isa = PBXFileReference; lastKnownFileType = sourcecode.swift; path = LensView.swift; sourceTree = "<group>"; };
		CA7F003EA84F886632D742BA /* t4-today.jpg */ = {isa = PBXFileReference; lastKnownFileType = image.jpeg; path = "t4-today.jpg"; sourceTree = "<group>"; };
		CE14D49BCB22BF02EF8087A6 /* Theme.swift */ = {isa = PBXFileReference; lastKnownFileType = sourcecode.swift; path = Theme.swift; sourceTree = "<group>"; };
		CEA54AC88E9BEE15C73633B6 /* PersonalAtlasSearchView.swift */ = {isa = PBXFileReference; lastKnownFileType = sourcecode.swift; path = PersonalAtlasSearchView.swift; sourceTree = "<group>"; };
		D1077745898C7350C6EF4455 /* dubhlinn.mp3 */ = {isa = PBXFileReference; lastKnownFileType = audio.mp3; path = dubhlinn.mp3; sourceTree = "<group>"; };
		D26F137EF38F91C2C2AEE955 /* Haptics.swift */ = {isa = PBXFileReference; lastKnownFileType = sourcecode.swift; path = Haptics.swift; sourceTree = "<group>"; };
		D52460D2F0305161BC3AF94A /* MapView.swift */ = {isa = PBXFileReference; lastKnownFileType = sourcecode.swift; path = MapView.swift; sourceTree = "<group>"; };
		D5BA0642E3AD35D87D6638FC /* LexemeDeck.swift */ = {isa = PBXFileReference; lastKnownFileType = sourcecode.swift; path = LexemeDeck.swift; sourceTree = "<group>"; };
		D653780003640608276B0150 /* dia-is-muire-dhuit.mp3 */ = {isa = PBXFileReference; lastKnownFileType = audio.mp3; path = "dia-is-muire-dhuit.mp3"; sourceTree = "<group>"; };
		D68B4D34C099E33D7DA8C5B0 /* AtlasFlowUITests.swift */ = {isa = PBXFileReference; lastKnownFileType = sourcecode.swift; path = AtlasFlowUITests.swift; sourceTree = "<group>"; };
		D86DD2E61CB2E3F9E94A36E1 /* is-mise.mp3 */ = {isa = PBXFileReference; lastKnownFileType = audio.mp3; path = "is-mise.mp3"; sourceTree = "<group>"; };
		D9C99CB183669A928C9309C9 /* ArAisView.swift */ = {isa = PBXFileReference; lastKnownFileType = sourcecode.swift; path = ArAisView.swift; sourceTree = "<group>"; };
		DB927C89B43ED3FE47FC8D86 /* fiche-pingin.mp3 */ = {isa = PBXFileReference; lastKnownFileType = audio.mp3; path = "fiche-pingin.mp3"; sourceTree = "<group>"; };
		DBB42949F7E9275B1E2DF2DA /* is-as-maigh-eo-mee.mp3 */ = {isa = PBXFileReference; lastKnownFileType = audio.mp3; path = "is-as-maigh-eo-mee.mp3"; sourceTree = "<group>"; };
		DC8C5D226AC3BEB9AEAD0231 /* personal-atlas-subjects.json */ = {isa = PBXFileReference; lastKnownFileType = text.json; path = "personal-atlas-subjects.json"; sourceTree = "<group>"; };
		DD221C558F4FD97CA930FC53 /* innee-caa-bhfuair-tuu-na-brooga.mp3 */ = {isa = PBXFileReference; lastKnownFileType = audio.mp3; path = "innee-caa-bhfuair-tuu-na-brooga.mp3"; sourceTree = "<group>"; };
		DE46E89DE39837BB19632A89 /* taa-mee-ag-lorg-rudaii-agus-taa-pangur-baan-ag-lorg-luch.mp3 */ = {isa = PBXFileReference; lastKnownFileType = audio.mp3; path = "taa-mee-ag-lorg-rudaii-agus-taa-pangur-baan-ag-lorg-luch.mp3"; sourceTree = "<group>"; };
		DEF342DF318B52D5181180F8 /* maith-an-fear-thuu.mp3 */ = {isa = PBXFileReference; lastKnownFileType = audio.mp3; path = "maith-an-fear-thuu.mp3"; sourceTree = "<group>"; };
		E2E79CC9EEFBAE2ECCB2E161 /* AnTurasTests.xctest */ = {isa = PBXFileReference; includeInIndex = 0; lastKnownFileType = wrapper.cfbundle; path = AnTurasTests.xctest; sourceTree = BUILT_PRODUCTS_DIR; };
		E7DF1684119B683F0E5FA81F /* taa-muid-ag-obair-anseo-gach-laa.mp3 */ = {isa = PBXFileReference; lastKnownFileType = audio.mp3; path = "taa-muid-ag-obair-anseo-gach-laa.mp3"; sourceTree = "<group>"; };
		EC45DFEE46F0BF3EB93A2CE2 /* ExerciseViews.swift */ = {isa = PBXFileReference; lastKnownFileType = sourcecode.swift; path = ExerciseViews.swift; sourceTree = "<group>"; };
		EC5B6E9378BE9BA2399E468B /* EchoView.swift */ = {isa = PBXFileReference; lastKnownFileType = sourcecode.swift; path = EchoView.swift; sourceTree = "<group>"; };
		F25EBEF7FD82850E1E60107B /* Beats.swift */ = {isa = PBXFileReference; lastKnownFileType = sourcecode.swift; path = Beats.swift; sourceTree = "<group>"; };
		F76CBFCD301CBF88C62240BE /* PersonalSubjectResultView.swift */ = {isa = PBXFileReference; lastKnownFileType = sourcecode.swift; path = PersonalSubjectResultView.swift; sourceTree = "<group>"; };
		F85BE5FCD4650EECC68CD5B0 /* teeigh-diireach-ar-aghaidh.mp3 */ = {isa = PBXFileReference; lastKnownFileType = audio.mp3; path = "teeigh-diireach-ar-aghaidh.mp3"; sourceTree = "<group>"; };
		F9D107B69D7D188349DEE25A /* libsqlite3.tbd */ = {isa = PBXFileReference; lastKnownFileType = "sourcecode.text-based-dylib-definition"; name = libsqlite3.tbd; path = usr/lib/libsqlite3.tbd; sourceTree = SDKROOT; };
		FBD53F8B5EA166A740045A19 /* ghearr-see-an-faainne-dom.mp3 */ = {isa = PBXFileReference; lastKnownFileType = audio.mp3; path = "ghearr-see-an-faainne-dom.mp3"; sourceTree = "<group>"; };
		FC41B06995A938799E0948BE /* thaainig-na-longa-oo-thuaidh.mp3 */ = {isa = PBXFileReference; lastKnownFileType = audio.mp3; path = "thaainig-na-longa-oo-thuaidh.mp3"; sourceTree = "<group>"; };
		FD0AD8018ADB7DBAA9780934 /* colmaan-mac-roonaain.mp3 */ = {isa = PBXFileReference; lastKnownFileType = audio.mp3; path = "colmaan-mac-roonaain.mp3"; sourceTree = "<group>"; };
		FE65C12653CA792B54C5C541 /* maith.mp3 */ = {isa = PBXFileReference; lastKnownFileType = audio.mp3; path = maith.mp3; sourceTree = "<group>"; };
		FEC2311F49B4BAA0770E36A8 /* t3-strand.jpg */ = {isa = PBXFileReference; lastKnownFileType = image.jpeg; path = "t3-strand.jpg"; sourceTree = "<group>"; };
		FEED52D58CA52E7BC9EA4159 /* chapter1.json */ = {isa = PBXFileReference; lastKnownFileType = text.json; path = chapter1.json; sourceTree = "<group>"; };
/* End PBXFileReference section */

/* Begin PBXFrameworksBuildPhase section */
		BB6B743D08EAFD7BA4A45E20 /* Frameworks */ = {
			isa = PBXFrameworksBuildPhase;
			buildActionMask = 2147483647;
			files = (
				B3A7C49E4A7517F7FF45E144 /* libsqlite3.tbd in Frameworks */,
			);
			runOnlyForDeploymentPostprocessing = 0;
		};
/* End PBXFrameworksBuildPhase section */

/* Begin PBXGroup section */
		1C598D92CAB754E3E9D294B3 /* Resources */ = {
			isa = PBXGroup;
			children = (
				391BDD989CB3BCC6C00E0769 /* art */,
				FEED52D58CA52E7BC9EA4159 /* chapter1.json */,
				50D76EFD5BAFF39C9743A747 /* chapter2.json */,
				2EDF2584F35E43CE084030A2 /* chapter3.json */,
				88674C47D664E6BE396B7983 /* county-boundaries.json */,
				21A7F77D9E848D6268AB988F /* journey.json */,
				61EEF67636F73B245E384A33 /* personal-atlas-foundation.sqlite */,
				DC8C5D226AC3BEB9AEAD0231 /* personal-atlas-subjects.json */,
				64FA8D94A904EEAC4043602C /* art */,
				3F2FCA4F9658F286B2BD410D /* Audio */,
			);
			path = Resources;
			sourceTree = "<group>";
		};
		37124C71DC57CA5D02637FCE /* AnTurasTests */ = {
			isa = PBXGroup;
			children = (
				874C4E4007AFA6669AF53EA1 /* AtlasProgressTests.swift */,
				A0FB07D18B0B39D279BBBCB4 /* PersonalAtlasTests.swift */,
				C8EA0B6B0B0833B48FD95C62 /* SpeechCatalogTests.swift */,
			);
			path = AnTurasTests;
			sourceTree = "<group>";
		};
		3F2FCA4F9658F286B2BD410D /* Audio */ = {
			isa = PBXGroup;
			children = (
				BBDF8618A7D53ACC7886E8F7 /* an-maith-leat-an-t-iasc.mp3 */,
				B029E71C452ED3679108094C /* aon-doo-trii-ceithre-cuuig.mp3 */,
				B23BCCE33635944C35D9A430 /* ar-scaath-a-cheeile-a-mhaireann-na-daoine.mp3 */,
				646726CCCB5C25DF21C74E2D /* baile-aatha-cliath.mp3 */,
				BBE5CD8E9FB12C65E8BB33F6 /* caa-bhfuil-tuu-ag-teacht.mp3 */,
				4891ADD452F5F56BBB2A59B5 /* cad-a-chonaic-tuu.mp3 */,
				0DAE826723F87C60C36F1133 /* caol-le-caol-agus-leathan-le-leathan.mp3 */,
				05A7460356B6290610CA2B64 /* cee-as-thuu.mp3 */,
				4258E63E83B9EF46394F55F8 /* cee-thusa.mp3 */,
				3889872C263FE00F2B62C9EA /* ceead-miile-faailte.mp3 */,
				C12E3D9E4742CB02012278B7 /* ceen-t-ainm-ataa-ort.mp3 */,
				291B549328976C8F333DF953 /* ceithre-deeag-pingin.mp3 */,
				64DFC9A734752CE8D899A879 /* cheannaigh-mee-brooga-anseo-innee.mp3 */,
				A611D5C75A4495248E1B9547 /* chonaic-mee-an-t-airgead-ar-an-scaala.mp3 */,
				5C2B57846925D0CBC2646A79 /* chonaic-mee-deatach-ar-an-bhfaanaii.mp3 */,
				21F12E2C5D7BEEE8AE24345B /* chonaic-tuu-an-t-airgead.mp3 */,
				9CC3C8391FF19A022268C560 /* chuaigh-mee-an-bealach-seo-cheana.mp3 */,
				35CC9160F59E31C657D5B935 /* chuaigh-mee-go-dtii-an-linn-dubh.mp3 */,
				34570CB806435BD7A59DF155 /* cill-ala.mp3 */,
				0A91ADC771E96F9F37D38701 /* cluain-mhic-noois.mp3 */,
				FD0AD8018ADB7DBAA9780934 /* colmaan-mac-roonaain.mp3 */,
				ACC31C2CFBB1F58CC0A21BA8 /* corcra-gorm-dearg-buii-dubh-baan.mp3 */,
				51311FFB505EECA6AEA0FE16 /* cuuig.mp3 */,
				B866596A22D1942B6440325E /* dearg.mp3 */,
				0CA1DBEFB9702B59A6D37753 /* dearthaair.mp3 */,
				36B0B2AF17A9112E960C44AF /* deirfiuur.mp3 */,
				C5CBC2937BAFA27361E9F4F8 /* dhiiol-mee-an-t-iasc.mp3 */,
				4257AF4E2BAE169F8A9501C2 /* dia-dhuit-a-bhriid.mp3 */,
				B76CAF8F3618BC656F7301DA /* dia-dhuit.mp3 */,
				D653780003640608276B0150 /* dia-is-muire-dhuit.mp3 */,
				D1077745898C7350C6EF4455 /* dubhlinn.mp3 */,
				2186D7347ADC6466A65B1774 /* feear.mp3 */,
				DB927C89B43ED3FE47FC8D86 /* fiche-pingin.mp3 */,
				FBD53F8B5EA166A740045A19 /* ghearr-see-an-faainne-dom.mp3 */,
				96ECBBA4D43B006C5098EBEF /* graainne-nii-mhaaille.mp3 */,
				DD221C558F4FD97CA930FC53 /* innee-caa-bhfuair-tuu-na-brooga.mp3 */,
				DBB42949F7E9275B1E2DF2DA /* is-as-maigh-eo-mee.mp3 */,
				B91C51662875951A0391806C /* is-buaine-focal-naa-toice-an-tsaoil.mp3 */,
				132F776EC41C1F95C69BE389 /* is-corcra-ee.mp3 */,
				8F6737978479BBDF0F3EA082 /* is-maith-liom-an-t-araan.mp3 */,
				6175C1A998DEE9D916D14B60 /* is-maith-liom-an-t-iasc.mp3 */,
				97097A62B4353A11E056C39B /* is-margadh-moor-ee-seo.mp3 */,
				9086110D4841373D635A6E3E /* is-mise-daaire.mp3 */,
				402B813CE6458D657E24F68A /* is-mise-murchadh.mp3 */,
				D86DD2E61CB2E3F9E94A36E1 /* is-mise.mp3 */,
				66E588B73B3110E5AD7E5F7E /* mac.mp3 */,
				DEF342DF318B52D5181180F8 /* maith-an-fear-thuu.mp3 */,
				993E347C847AEBA6BE010610 /* maith-an-margadh.mp3 */,
				FE65C12653CA792B54C5C541 /* maith.mp3 */,
				C7DCBDD0F3C21327A44A2563 /* manifest.json */,
				906B8AEBAA80EA2E0A535FFB /* nii-maith-liom-an-t-iasc.mp3 */,
				8205E2FC0F0879F4FE289099 /* nii-neart-go-cur-le-cheeile.mp3 */,
				C1D5865BEF20CF8D491EA4EA /* rinne-mee-margadh-le-sigur.mp3 */,
				8A3079A200FC35A8212B2586 /* rinne-siad-damaaiste.mp3 */,
				A74A8EADC99A584BD6366FDA /* scriiobh-leeigh-meil-ith-codail.mp3 */,
				A3791AE9C6843BED56243AA4 /* seaan.mp3 */,
				8C5C6D3AEA5F0290E01858E4 /* see-seacht-ocht-naoi-deich.mp3 */,
				181D8C8B5BBCE7C8C79CA90A /* seo-briid-m-iniion.mp3 */,
				32F24BACC1F202F70B86AB60 /* slaan-go-fooill.mp3 */,
				1D3FC4222184006F9D293703 /* taa-a-fhios-agam-anois.mp3 */,
				7E77E75710D11CD5B50816CB /* taa-a-fhios-agam-taa-see-salach-uaireanta.mp3 */,
				C6719EE7E8EBA974E982835F /* taa-a-fhios-agam.mp3 */,
				B4D1F37E661802AC2462745E /* taa-araan-ar-an-mbord.mp3 */,
				7E3B00C1C47EF0035FA8EED6 /* taa-bainne-ann-freisin.mp3 */,
				8F2FB0AE6A8B58A795EC6063 /* taa-mee-ag-codladh.mp3 */,
				243E439CFA282BAC372036F2 /* taa-mee-ag-leeamh.mp3 */,
				DE46E89DE39837BB19632A89 /* taa-mee-ag-lorg-rudaii-agus-taa-pangur-baan-ag-lorg-luch.mp3 */,
				0D686B20712D545E4B3EAA55 /* taa-mee-ag-meilt-an-corcra.mp3 */,
				92D33CE3B7AA33A1129248CD /* taa-mee-ag-meilt.mp3 */,
				40FF161127B8ACC955F30AA8 /* taa-mee-ag-obair-anseo.mp3 */,
				0DF2AD883FE645B57C9B33F6 /* taa-mee-ag-scriiobh.mp3 */,
				25EA9A88183E4835C61A3CB9 /* taa-muid-ag-criiochnuu-an-leabhair.mp3 */,
				E7DF1684119B683F0E5FA81F /* taa-muid-ag-obair-anseo-gach-laa.mp3 */,
				BF3DFB306A64E4D681708AEA /* taa-muid-go-leeir.mp3 */,
				2230C699E68DDDF2C086159B /* taa-pangur-baan-ag-ithe.mp3 */,
				08868DB724ABB602301B48C4 /* taa-see-a-see-a-chlog.mp3 */,
				1A7AA6B16852782B1FEAC640 /* taa-see-ag-eeirii-go-mall.mp3 */,
				F85BE5FCD4650EECC68CD5B0 /* teeigh-diireach-ar-aghaidh.mp3 */,
				FC41B06995A938799E0948BE /* thaainig-na-longa-oo-thuaidh.mp3 */,
				0CA720CE7FC4585B4309711F /* trii-deeag.mp3 */,
			);
			path = Audio;
			sourceTree = "<group>";
		};
		5278ECAB4BEAEF96FC2D7D41 /* Frameworks */ = {
			isa = PBXGroup;
			children = (
				F9D107B69D7D188349DEE25A /* libsqlite3.tbd */,
			);
			name = Frameworks;
			sourceTree = "<group>";
		};
		528089DBCD40F3FB05F00F0F = {
			isa = PBXGroup;
			children = (
				AD7DBE9DE6F5A1DAA771B1B4 /* art-exploration */,
				83AF27BBB51B5E9779A8FD94 /* AnTuras */,
				37124C71DC57CA5D02637FCE /* AnTurasTests */,
				A93F3C800A1E03868B2AE490 /* AnTurasUITests */,
				5278ECAB4BEAEF96FC2D7D41 /* Frameworks */,
				A5B2612F851951AE42588066 /* Products */,
			);
			sourceTree = "<group>";
		};
		64FA8D94A904EEAC4043602C /* art */ = {
			isa = PBXGroup;
			children = (
				43A9091BEB05532313736956 /* s3-yard.jpg */,
				207586C489D4867A4A73B336 /* t1-pillar.jpg */,
				A53526B3CFB0E118058795AD /* t2-hands.jpg */,
				FEC2311F49B4BAA0770E36A8 /* t3-strand.jpg */,
				CA7F003EA84F886632D742BA /* t4-today.jpg */,
			);
			path = art;
			sourceTree = "<group>";
		};
		83AF27BBB51B5E9779A8FD94 /* AnTuras */ = {
			isa = PBXGroup;
			children = (
				C6FF4D8B7082E2477A6D5D83 /* AnTurasApp.swift */,
				8BCEF1C9F6D2DD55218E5486 /* AppState.swift */,
				D9C99CB183669A928C9309C9 /* ArAisView.swift */,
				176C6FF19CDCE6D1894D80B8 /* ArmRingView.swift */,
				8222FF923CA8EEAC43EBA19C /* ArtifactView.swift */,
				37ADE78AC4C9EEC9EB1D7560 /* Assets.xcassets */,
				AAB89BB963E0588D2022D4C4 /* AtlasCollectionViews.swift */,
				7C5AEE39AE7F07960762B9BF /* AtlasPrototype.swift */,
				F25EBEF7FD82850E1E60107B /* Beats.swift */,
				7EC0C1D5DCC022703AD3CA24 /* CountyBoundaryAtlas.swift */,
				2D48D0E32F66600DB0CA46AA /* CoverView.swift */,
				C6BCDF60A086F036ECEFADD7 /* DiscoverView.swift */,
				EC5B6E9378BE9BA2399E468B /* EchoView.swift */,
				EC45DFEE46F0BF3EB93A2CE2 /* ExerciseViews.swift */,
				D26F137EF38F91C2C2AEE955 /* Haptics.swift */,
				9C085449F0113468DBD4DAFC /* IlluminatedInitialView.swift */,
				11987CAE4054C1FC81E9E792 /* Info.plist */,
				7AD4129B3564B7CF12160B32 /* IrelandShape.swift */,
				7935C5DD23A200427D4FFF74 /* IslandAtlasView.swift */,
				721CD5B070C615370B65AFD8 /* JourneyView.swift */,
				C90E18890B758D4EC0F7AC1A /* LensView.swift */,
				D5BA0642E3AD35D87D6638FC /* LexemeDeck.swift */,
				D52460D2F0305161BC3AF94A /* MapView.swift */,
				17900ACB1A51B1AFBB1355CC /* MayoStoryPrototype.swift */,
				98F0B9DF36A7A1A806DDFBC2 /* Models.swift */,
				73280D4D2562D1835079B54E /* MuseumView.swift */,
				4A806D8C653B1FC0A245A1B5 /* Ogham.swift */,
				A993AF941E2E299FA88BC755 /* PatternDrill.swift */,
				01EFA1CE49397981F3585BA0 /* PatternsView.swift */,
				BBFCFF6A552BB5A10A83E1BD /* PersonalAtlasAdvancedViews.swift */,
				7E6CE74FF84F24216194F05D /* PersonalAtlasModels.swift */,
				B338D716D1A513DEC1BBF0A2 /* PersonalAtlasRepository.swift */,
				CEA54AC88E9BEE15C73633B6 /* PersonalAtlasSearchView.swift */,
				442C26D5FFFF2AEF92BE1167 /* PersonalFoundationStore.swift */,
				F76CBFCD301CBF88C62240BE /* PersonalSubjectResultView.swift */,
				5C79B531426D7F12AFACCAA7 /* RecarveView.swift */,
				0C5DDA39E54C0E111ED23C9E /* SessionView.swift */,
				C0991F4C3A66625481192D91 /* Speech.swift */,
				CE14D49BCB22BF02EF8087A6 /* Theme.swift */,
				0C065E93C363E8C795F592E7 /* TurnView.swift */,
				25FBCD49335E5F527B436915 /* VocabDeckView.swift */,
				1C598D92CAB754E3E9D294B3 /* Resources */,
			);
			path = AnTuras;
			sourceTree = "<group>";
		};
		A5B2612F851951AE42588066 /* Products */ = {
			isa = PBXGroup;
			children = (
				3855760E1F84F5E302464F54 /* AnTuras.app */,
				E2E79CC9EEFBAE2ECCB2E161 /* AnTurasTests.xctest */,
				8B0A61595DCD649D0050F178 /* AnTurasUITests.xctest */,
			);
			name = Products;
			sourceTree = "<group>";
		};
		A93F3C800A1E03868B2AE490 /* AnTurasUITests */ = {
			isa = PBXGroup;
			children = (
				D68B4D34C099E33D7DA8C5B0 /* AtlasFlowUITests.swift */,
				5950777640C24711693597E1 /* KeyboardPerformanceUITests.swift */,
			);
			path = AnTurasUITests;
			sourceTree = "<group>";
		};
/* End PBXGroup section */

/* Begin PBXNativeTarget section */
		3E2660E8833CD11BC9BCBCA6 /* AnTuras */ = {
			isa = PBXNativeTarget;
			buildConfigurationList = B321EDE80A563A2AC5DC9464 /* Build configuration list for PBXNativeTarget "AnTuras" */;
			buildPhases = (
				24ADAAED4E2FFD892D4245F5 /* Sources */,
				C84557D087F36A179ED78E93 /* Resources */,
				BB6B743D08EAFD7BA4A45E20 /* Frameworks */,
			);
			buildRules = (
			);
			dependencies = (
			);
			name = AnTuras;
			packageProductDependencies = (
			);
			productName = AnTuras;
			productReference = 3855760E1F84F5E302464F54 /* AnTuras.app */;
			productType = "com.apple.product-type.application";
		};
		A94E84F3D38B5DE82AA642B2 /* AnTurasUITests */ = {
			isa = PBXNativeTarget;
			buildConfigurationList = EAC3C89DF4B38BCF41EF1C4D /* Build configuration list for PBXNativeTarget "AnTurasUITests" */;
			buildPhases = (
				9CB64F3C795674BF1C721F3C /* Sources */,
			);
			buildRules = (
			);
			dependencies = (
				89C2E7CFFC6C4E1E49AC6F9C /* PBXTargetDependency */,
			);
			name = AnTurasUITests;
			packageProductDependencies = (
			);
			productName = AnTurasUITests;
			productReference = 8B0A61595DCD649D0050F178 /* AnTurasUITests.xctest */;
			productType = "com.apple.product-type.bundle.ui-testing";
		};
		B0729F297F0122187C1C7585 /* AnTurasTests */ = {
			isa = PBXNativeTarget;
			buildConfigurationList = 41F086DBDBE8A272B1AD92D1 /* Build configuration list for PBXNativeTarget "AnTurasTests" */;
			buildPhases = (
				A04F30C66704785400DBBA56 /* Sources */,
				E8C2CB2A74ABE15AE200DB85 /* Resources */,
			);
			buildRules = (
			);
			dependencies = (
				4C2AAA15BF513DB40E0BDA75 /* PBXTargetDependency */,
			);
			name = AnTurasTests;
			packageProductDependencies = (
			);
			productName = AnTurasTests;
			productReference = E2E79CC9EEFBAE2ECCB2E161 /* AnTurasTests.xctest */;
			productType = "com.apple.product-type.bundle.unit-test";
		};
/* End PBXNativeTarget section */

/* Begin PBXProject section */
		917BE851C7EB0537DB64410E /* Project object */ = {
			isa = PBXProject;
			attributes = {
				BuildIndependentTargetsInParallel = YES;
				LastUpgradeCheck = 1430;
				TargetAttributes = {
					3E2660E8833CD11BC9BCBCA6 = {
						DevelopmentTeam = QCVP3CNMP6;
						ProvisioningStyle = Automatic;
					};
					A94E84F3D38B5DE82AA642B2 = {
						TestTargetID = 3E2660E8833CD11BC9BCBCA6;
					};
				};
			};
			buildConfigurationList = 76E477B8E7636CC34669F896 /* Build configuration list for PBXProject "AnTuras" */;
			developmentRegion = en;
			hasScannedForEncodings = 0;
			knownRegions = (
				Base,
				en,
			);
			mainGroup = 528089DBCD40F3FB05F00F0F;
			minimizedProjectReferenceProxies = 1;
			preferredProjectObjectVersion = 77;
			productRefGroup = A5B2612F851951AE42588066 /* Products */;
			projectDirPath = "";
			projectRoot = "";
			targets = (
				3E2660E8833CD11BC9BCBCA6 /* AnTuras */,
				B0729F297F0122187C1C7585 /* AnTurasTests */,
				A94E84F3D38B5DE82AA642B2 /* AnTurasUITests */,
			);
		};
/* End PBXProject section */

/* Begin PBXResourcesBuildPhase section */
		C84557D087F36A179ED78E93 /* Resources */ = {
			isa = PBXResourcesBuildPhase;
			buildActionMask = 2147483647;
			files = (
				60194909667A352C5ECEB591 /* Assets.xcassets in Resources */,
				5FC75DD5397ECC99674EC70C /* an-maith-leat-an-t-iasc.mp3 in Resources */,
				6979621FAFD82B5014ACA63F /* aon-doo-trii-ceithre-cuuig.mp3 in Resources */,
				A5D2B4BA58EBB639DA6536C6 /* ar-scaath-a-cheeile-a-mhaireann-na-daoine.mp3 in Resources */,
				8A218656EDCA56F5CDA4C9F5 /* art in Resources */,
				9E84CC9BED41BA710DD2DA83 /* art-exploration in Resources */,
				CF7E7EAF2A6DF50B68791CFB /* baile-aatha-cliath.mp3 in Resources */,
				9351D43254371E36FEB0E7E4 /* caa-bhfuil-tuu-ag-teacht.mp3 in Resources */,
				AAC3C871AD17D8C35E238ADF /* cad-a-chonaic-tuu.mp3 in Resources */,
				A5D607749132155D7EB0B5EF /* caol-le-caol-agus-leathan-le-leathan.mp3 in Resources */,
				282B081D607AE964E7EADF51 /* cee-as-thuu.mp3 in Resources */,
				BCAD2F8FEDA58FD14F710AE5 /* cee-thusa.mp3 in Resources */,
				205ECC05657991ED1938DCAD /* ceead-miile-faailte.mp3 in Resources */,
				8BE9394EAF2E56B31242604C /* ceen-t-ainm-ataa-ort.mp3 in Resources */,
				E00D67D1DFFDB5E4078A87E3 /* ceithre-deeag-pingin.mp3 in Resources */,
				67160852FC74F0B31872D8DE /* chapter1.json in Resources */,
				DDAA8089EF264B7DEA0F111B /* chapter2.json in Resources */,
				B0E86A96338E1DC5AB755550 /* chapter3.json in Resources */,
				0AE4419A508F6461C67410BB /* cheannaigh-mee-brooga-anseo-innee.mp3 in Resources */,
				73E33958E30D098DAC94E95E /* chonaic-mee-an-t-airgead-ar-an-scaala.mp3 in Resources */,
				2CF9E1B088C51DC6B83C103F /* chonaic-mee-deatach-ar-an-bhfaanaii.mp3 in Resources */,
				0859C07D66D76DBDFAA181CC /* chonaic-tuu-an-t-airgead.mp3 in Resources */,
				41B7C9FCBE4DFEB5524A1240 /* chuaigh-mee-an-bealach-seo-cheana.mp3 in Resources */,
				63A10E19F0AF48D89D64ACD7 /* chuaigh-mee-go-dtii-an-linn-dubh.mp3 in Resources */,
				59C8D8EDBB2EA1F560E68913 /* cill-ala.mp3 in Resources */,
				536116BB374C1EF6817E5D63 /* cluain-mhic-noois.mp3 in Resources */,
				28A399ED57B75A47046D2DF1 /* colmaan-mac-roonaain.mp3 in Resources */,
				53F1A0181CF3ADDFA8999908 /* corcra-gorm-dearg-buii-dubh-baan.mp3 in Resources */,
				9664DA6434484B78CDE841CE /* county-boundaries.json in Resources */,
				34FEDE09120740597F52D2DC /* cuuig.mp3 in Resources */,
				EDC7B2EFCC6B73996FB75EC3 /* dearg.mp3 in Resources */,
				CA599CBD388FDF267E4CE3CE /* dearthaair.mp3 in Resources */,
				A97246159B41C5F1278D6A20 /* deirfiuur.mp3 in Resources */,
				E9F462FDB23CC080AB4A3F43 /* dhiiol-mee-an-t-iasc.mp3 in Resources */,
				603DD9D1322DAEC1D6FFE50C /* dia-dhuit-a-bhriid.mp3 in Resources */,
				6FA3BE0CE70C9346F8A82159 /* dia-dhuit.mp3 in Resources */,
				27BA9098EA353229A8174ECC /* dia-is-muire-dhuit.mp3 in Resources */,
				9A01103DC4046154A2C69852 /* dubhlinn.mp3 in Resources */,
				8C71DE86D0C21CA2C37D56AF /* feear.mp3 in Resources */,
				7B939326C163BC8E7607767D /* fiche-pingin.mp3 in Resources */,
				9633E3AB1365D565E7E602AB /* ghearr-see-an-faainne-dom.mp3 in Resources */,
				379C4C3B15EA8F0E4B54A8C5 /* graainne-nii-mhaaille.mp3 in Resources */,
				CA9C535CC8E9265C0AF53F05 /* innee-caa-bhfuair-tuu-na-brooga.mp3 in Resources */,
				D6FBBD7117E65C575D176544 /* is-as-maigh-eo-mee.mp3 in Resources */,
				5553484F2AB04781E5299A63 /* is-buaine-focal-naa-toice-an-tsaoil.mp3 in Resources */,
				9A3EBBD2971B07E14EC87699 /* is-corcra-ee.mp3 in Resources */,
				6E857163B2F8121078732FB3 /* is-maith-liom-an-t-araan.mp3 in Resources */,
				CF0287461C8CA75446B22D34 /* is-maith-liom-an-t-iasc.mp3 in Resources */,
				3DB93CF86B2C96FBAA5AA9D6 /* is-margadh-moor-ee-seo.mp3 in Resources */,
				78BFD055CBCCCBB5C6112359 /* is-mise-daaire.mp3 in Resources */,
				E4FF9FC3C1704246D24BC4AA /* is-mise-murchadh.mp3 in Resources */,
				91C14FB4E5D95A7C6A59B39A /* is-mise.mp3 in Resources */,
				D039DDD372A98B80F19FB0F3 /* journey.json in Resources */,
				A354363EAA1EBB38255CFFAD /* mac.mp3 in Resources */,
				0C0BECACA0F40158E1DA244E /* maith-an-fear-thuu.mp3 in Resources */,
				3A1DE05C7F9E00417A74A838 /* maith-an-margadh.mp3 in Resources */,
				29FD59036E671B065D60A841 /* maith.mp3 in Resources */,
				02F9D3B0B20AD61385702DE8 /* manifest.json in Resources */,
				7879122EAB0EE4872FE05643 /* nii-maith-liom-an-t-iasc.mp3 in Resources */,
				72F46474838D60EECE239F11 /* nii-neart-go-cur-le-cheeile.mp3 in Resources */,
				47324FA462550D2EACCA8458 /* personal-atlas-foundation.sqlite in Resources */,
				5702F7911EF6DD009D8706D4 /* personal-atlas-subjects.json in Resources */,
				9E162F411EC716EF4AD132EA /* rinne-mee-margadh-le-sigur.mp3 in Resources */,
				08AD1B00D82DC4192EBCC805 /* rinne-siad-damaaiste.mp3 in Resources */,
				D1FA16F4C5A39455EBA5886A /* s3-yard.jpg in Resources */,
				5313105093EA463DB7E1FFC7 /* scriiobh-leeigh-meil-ith-codail.mp3 in Resources */,
				4746C67A708392E320C5DA57 /* seaan.mp3 in Resources */,
				B36C4F56075AE51F9CE5709A /* see-seacht-ocht-naoi-deich.mp3 in Resources */,
				1FBD2C3B1D35FCAA411BD74F /* seo-briid-m-iniion.mp3 in Resources */,
				B98878A17144D3506C0CB08F /* slaan-go-fooill.mp3 in Resources */,
				3F93418B1C61A0A79E663FDD /* t1-pillar.jpg in Resources */,
				6A7DB9FB1313D54F52C6CB50 /* t2-hands.jpg in Resources */,
				055F3BEC292205BB438E05D0 /* t3-strand.jpg in Resources */,
				21C8DA067C6A82D7A7BFE873 /* t4-today.jpg in Resources */,
				256F7DF69E51F90F0A28D30F /* taa-a-fhios-agam-anois.mp3 in Resources */,
				72B0D0E5CF0370523696DF3C /* taa-a-fhios-agam-taa-see-salach-uaireanta.mp3 in Resources */,
				1A82A8C1992F5D3117A19148 /* taa-a-fhios-agam.mp3 in Resources */,
				8C685698DA36AAB7B741A582 /* taa-araan-ar-an-mbord.mp3 in Resources */,
				82EE66B32C7FC3782196CF44 /* taa-bainne-ann-freisin.mp3 in Resources */,
				66967E4CC4EAF9C587D6C8C9 /* taa-mee-ag-codladh.mp3 in Resources */,
				8390DDA19A770A63BE583BB6 /* taa-mee-ag-leeamh.mp3 in Resources */,
				0D9680E3D1F10CD661FC6502 /* taa-mee-ag-lorg-rudaii-agus-taa-pangur-baan-ag-lorg-luch.mp3 in Resources */,
				5197E01095FFE972306D3BFE /* taa-mee-ag-meilt-an-corcra.mp3 in Resources */,
				A164E2C653AF07C2EB979836 /* taa-mee-ag-meilt.mp3 in Resources */,
				D729DE2694195386A90DF005 /* taa-mee-ag-obair-anseo.mp3 in Resources */,
				0D17560B621FB4760CD350E5 /* taa-mee-ag-scriiobh.mp3 in Resources */,
				5E1296A63D77EFE85FCAF451 /* taa-muid-ag-criiochnuu-an-leabhair.mp3 in Resources */,
				94A972F8405863A780DB153D /* taa-muid-ag-obair-anseo-gach-laa.mp3 in Resources */,
				52585809AEF1E79CF45B6528 /* taa-muid-go-leeir.mp3 in Resources */,
				723446456459A685C29FD659 /* taa-pangur-baan-ag-ithe.mp3 in Resources */,
				6072B2BC8EDFDB13346BAECF /* taa-see-a-see-a-chlog.mp3 in Resources */,
				958031E558581981998AC8DF /* taa-see-ag-eeirii-go-mall.mp3 in Resources */,
				5355425C0D2C6A06505873AC /* teeigh-diireach-ar-aghaidh.mp3 in Resources */,
				FC615BAFC48F4AADADD36D58 /* thaainig-na-longa-oo-thuaidh.mp3 in Resources */,
				87B88683208A68B86EDCF0A8 /* trii-deeag.mp3 in Resources */,
			);
			runOnlyForDeploymentPostprocessing = 0;
		};
		E8C2CB2A74ABE15AE200DB85 /* Resources */ = {
			isa = PBXResourcesBuildPhase;
			buildActionMask = 2147483647;
			files = (
				611CAF5FBE6C2D4BA849614D /* personal-atlas-subjects.json in Resources */,
			);
			runOnlyForDeploymentPostprocessing = 0;
		};
/* End PBXResourcesBuildPhase section */

/* Begin PBXSourcesBuildPhase section */
		24ADAAED4E2FFD892D4245F5 /* Sources */ = {
			isa = PBXSourcesBuildPhase;
			buildActionMask = 2147483647;
			files = (
				1F1A60A93AE894AEED3BF0E5 /* AnTurasApp.swift in Sources */,
				83F46CF664B0213C51C75027 /* AppState.swift in Sources */,
				1D734D8AB5B6658F5A6C468B /* ArAisView.swift in Sources */,
				13BD068DA7BF408E7504D093 /* ArmRingView.swift in Sources */,
				3D4DC9F46D78F9E227C2FCDF /* ArtifactView.swift in Sources */,
				81D84C3D143DCC8EF628B1DB /* AtlasCollectionViews.swift in Sources */,
				EF320ECD22F97288EB402D1E /* AtlasPrototype.swift in Sources */,
				0A34461D945F7BCDBB2A6002 /* Beats.swift in Sources */,
				D24DD3DAD0ED6A5DCA589FF5 /* CountyBoundaryAtlas.swift in Sources */,
				B30F060A8ABF321BB31F0A43 /* CoverView.swift in Sources */,
				DE467353A69DC7C7C723938D /* DiscoverView.swift in Sources */,
				CD9CD8AA577DCEFB17D64C6F /* EchoView.swift in Sources */,
				2261B462E25008FDEB3CCC31 /* ExerciseViews.swift in Sources */,
				DDB874BDFF1C9A0F2FA39541 /* Haptics.swift in Sources */,
				790F1CB5A14F0706CDE04CF2 /* IlluminatedInitialView.swift in Sources */,
				2488609B4A7E0CB5FEB7567E /* IrelandShape.swift in Sources */,
				0C9AECBE8B53F75AD86834BE /* IslandAtlasView.swift in Sources */,
				AD984A19F5374884369CAD98 /* JourneyView.swift in Sources */,
				8B3F648D21E743874F70F3C2 /* LensView.swift in Sources */,
				594BE668B53F37367E177FD0 /* LexemeDeck.swift in Sources */,
				8506E382A60FBBFD25DED58E /* MapView.swift in Sources */,
				F30883FE1B143B39933BD55E /* MayoStoryPrototype.swift in Sources */,
				4B51ECDA2373D4D233BD210C /* Models.swift in Sources */,
				A98E818546F007DB8B6C29EB /* MuseumView.swift in Sources */,
				E7AE1D983E54B31CDC1686CB /* Ogham.swift in Sources */,
				BEF3B1181C09C641DAAB2C52 /* PatternDrill.swift in Sources */,
				A9EAF6BE25C1A9F98EA59E56 /* PatternsView.swift in Sources */,
				5242C6018CC47D78D305A88F /* PersonalAtlasAdvancedViews.swift in Sources */,
				DF60B414BB0E320828DA7B35 /* PersonalAtlasModels.swift in Sources */,
				CD321E7B2862B58D8F4CBD21 /* PersonalAtlasRepository.swift in Sources */,
				8E71E743C58A10FE56262876 /* PersonalAtlasSearchView.swift in Sources */,
				932EDB70A1BCA058002E4EC4 /* PersonalFoundationStore.swift in Sources */,
				3F9FDD5B1EC21BDC96255F3A /* PersonalSubjectResultView.swift in Sources */,
				AF309E88B912C9018DDD9836 /* RecarveView.swift in Sources */,
				2159FE1A69E55A351A572F02 /* SessionView.swift in Sources */,
				ED6373DCFEA1395BE0FF4BE7 /* Speech.swift in Sources */,
				7701F0900B48CC0E9D5B154A /* Theme.swift in Sources */,
				7BFC1B186CBC1841F055C7E0 /* TurnView.swift in Sources */,
				8C0EA4173C51E91FCB4E71D9 /* VocabDeckView.swift in Sources */,
			);
			runOnlyForDeploymentPostprocessing = 0;
		};
		9CB64F3C795674BF1C721F3C /* Sources */ = {
			isa = PBXSourcesBuildPhase;
			buildActionMask = 2147483647;
			files = (
				5882E71143318595DFF957DC /* AtlasFlowUITests.swift in Sources */,
				BB0DDAD2069F18D8A646825F /* KeyboardPerformanceUITests.swift in Sources */,
			);
			runOnlyForDeploymentPostprocessing = 0;
		};
		A04F30C66704785400DBBA56 /* Sources */ = {
			isa = PBXSourcesBuildPhase;
			buildActionMask = 2147483647;
			files = (
				65F534937B6D0305A2A38C52 /* AtlasProgressTests.swift in Sources */,
				4A98BE934BDDA35CDACBC7B4 /* PersonalAtlasTests.swift in Sources */,
				8610A950F5A673E238FBF793 /* SpeechCatalogTests.swift in Sources */,
			);
			runOnlyForDeploymentPostprocessing = 0;
		};
/* End PBXSourcesBuildPhase section */

/* Begin PBXTargetDependency section */
		4C2AAA15BF513DB40E0BDA75 /* PBXTargetDependency */ = {
			isa = PBXTargetDependency;
			target = 3E2660E8833CD11BC9BCBCA6 /* AnTuras */;
			targetProxy = B5DF0C12BF0AEB6845121925 /* PBXContainerItemProxy */;
		};
		89C2E7CFFC6C4E1E49AC6F9C /* PBXTargetDependency */ = {
			isa = PBXTargetDependency;
			target = 3E2660E8833CD11BC9BCBCA6 /* AnTuras */;
			targetProxy = F1853E4E00FCBDDE50CB62A6 /* PBXContainerItemProxy */;
		};
/* End PBXTargetDependency section */

/* Begin XCBuildConfiguration section */
		0985539C8D9BCCF0644E50CD /* Debug */ = {
			isa = XCBuildConfiguration;
			buildSettings = {
				BUNDLE_LOADER = "$(TEST_HOST)";
				"CODE_SIGNING_ALLOWED[sdk=iphonesimulator*]" = NO;
				LD_RUNPATH_SEARCH_PATHS = (
					"$(inherited)",
					"@executable_path/Frameworks",
					"@loader_path/Frameworks",
				);
				PRODUCT_BUNDLE_IDENTIFIER = ie.anturas.AnTurasTests;
				SDKROOT = iphoneos;
				SWIFT_VERSION = 5.9;
				TARGETED_DEVICE_FAMILY = "1,2";
				TEST_HOST = "$(BUILT_PRODUCTS_DIR)/AnTuras.app/AnTuras";
			};
			name = Debug;
		};
		276F892549B2523CC4180582 /* Debug */ = {
			isa = XCBuildConfiguration;
			buildSettings = {
				ASSETCATALOG_COMPILER_APPICON_NAME = AppIcon;
				"CODE_SIGNING_ALLOWED[sdk=iphonesimulator*]" = NO;
				CODE_SIGN_IDENTITY = "iPhone Developer";
				CODE_SIGN_STYLE = Automatic;
				DEVELOPMENT_TEAM = QCVP3CNMP6;
				INFOPLIST_FILE = AnTuras/Info.plist;
				LD_RUNPATH_SEARCH_PATHS = (
					"$(inherited)",
					"@executable_path/Frameworks",
				);
				PRODUCT_BUNDLE_IDENTIFIER = ie.anturas.AnTuras;
				SDKROOT = iphoneos;
				SWIFT_VERSION = 5.9;
				TARGETED_DEVICE_FAMILY = 1;
			};
			name = Debug;
		};
		66FE62821F78465E9FF08B7F /* Release */ = {
			isa = XCBuildConfiguration;
			buildSettings = {
				BUNDLE_LOADER = "$(TEST_HOST)";
				"CODE_SIGNING_ALLOWED[sdk=iphonesimulator*]" = NO;
				LD_RUNPATH_SEARCH_PATHS = (
					"$(inherited)",
					"@executable_path/Frameworks",
					"@loader_path/Frameworks",
				);
				PRODUCT_BUNDLE_IDENTIFIER = ie.anturas.AnTurasTests;
				SDKROOT = iphoneos;
				SWIFT_VERSION = 5.9;
				TARGETED_DEVICE_FAMILY = "1,2";
				TEST_HOST = "$(BUILT_PRODUCTS_DIR)/AnTuras.app/AnTuras";
			};
			name = Release;
		};
		7074AFBF4857C648A2D6596E /* Release */ = {
			isa = XCBuildConfiguration;
			buildSettings = {
				BUNDLE_LOADER = "$(TEST_HOST)";
				"CODE_SIGNING_ALLOWED[sdk=iphonesimulator*]" = NO;
				LD_RUNPATH_SEARCH_PATHS = (
					"$(inherited)",
					"@executable_path/Frameworks",
					"@loader_path/Frameworks",
				);
				PRODUCT_BUNDLE_IDENTIFIER = ie.anturas.AnTurasUITests;
				SDKROOT = iphoneos;
				SWIFT_VERSION = 5.9;
				TARGETED_DEVICE_FAMILY = "1,2";
				TEST_TARGET_NAME = AnTuras;
			};
			name = Release;
		};
		810CC68ABD6A3FB32954D6A2 /* Release */ = {
			isa = XCBuildConfiguration;
			buildSettings = {
				ALWAYS_SEARCH_USER_PATHS = NO;
				CLANG_ANALYZER_NONNULL = YES;
				CLANG_ANALYZER_NUMBER_OBJECT_CONVERSION = YES_AGGRESSIVE;
				CLANG_CXX_LANGUAGE_STANDARD = "gnu++14";
				CLANG_CXX_LIBRARY = "libc++";
				CLANG_ENABLE_MODULES = YES;
				CLANG_ENABLE_OBJC_ARC = YES;
				CLANG_ENABLE_OBJC_WEAK = YES;
				CLANG_WARN_BLOCK_CAPTURE_AUTORELEASING = YES;
				CLANG_WARN_BOOL_CONVERSION = YES;
				CLANG_WARN_COMMA = YES;
				CLANG_WARN_CONSTANT_CONVERSION = YES;
				CLANG_WARN_DEPRECATED_OBJC_IMPLEMENTATIONS = YES;
				CLANG_WARN_DIRECT_OBJC_ISA_USAGE = YES_ERROR;
				CLANG_WARN_DOCUMENTATION_COMMENTS = YES;
				CLANG_WARN_EMPTY_BODY = YES;
				CLANG_WARN_ENUM_CONVERSION = YES;
				CLANG_WARN_INFINITE_RECURSION = YES;
				CLANG_WARN_INT_CONVERSION = YES;
				CLANG_WARN_NON_LITERAL_NULL_CONVERSION = YES;
				CLANG_WARN_OBJC_IMPLICIT_RETAIN_SELF = YES;
				CLANG_WARN_OBJC_LITERAL_CONVERSION = YES;
				CLANG_WARN_OBJC_ROOT_CLASS = YES_ERROR;
				CLANG_WARN_QUOTED_INCLUDE_IN_FRAMEWORK_HEADER = YES;
				CLANG_WARN_RANGE_LOOP_ANALYSIS = YES;
				CLANG_WARN_STRICT_PROTOTYPES = YES;
				CLANG_WARN_SUSPICIOUS_MOVE = YES;
				CLANG_WARN_UNGUARDED_AVAILABILITY = YES_AGGRESSIVE;
				CLANG_WARN_UNREACHABLE_CODE = YES;
				CLANG_WARN__DUPLICATE_METHOD_MATCH = YES;
				COPY_PHASE_STRIP = NO;
				DEBUG_INFORMATION_FORMAT = "dwarf-with-dsym";
				ENABLE_NS_ASSERTIONS = NO;
				ENABLE_STRICT_OBJC_MSGSEND = YES;
				GCC_C_LANGUAGE_STANDARD = gnu11;
				GCC_NO_COMMON_BLOCKS = YES;
				GCC_WARN_64_TO_32_BIT_CONVERSION = YES;
				GCC_WARN_ABOUT_RETURN_TYPE = YES_ERROR;
				GCC_WARN_UNDECLARED_SELECTOR = YES;
				GCC_WARN_UNINITIALIZED_AUTOS = YES_AGGRESSIVE;
				GCC_WARN_UNUSED_FUNCTION = YES;
				GCC_WARN_UNUSED_VARIABLE = YES;
				IPHONEOS_DEPLOYMENT_TARGET = 17.0;
				MTL_ENABLE_DEBUG_INFO = NO;
				MTL_FAST_MATH = YES;
				PRODUCT_NAME = "$(TARGET_NAME)";
				SDKROOT = iphoneos;
				SWIFT_COMPILATION_MODE = wholemodule;
				SWIFT_OPTIMIZATION_LEVEL = "-O";
				SWIFT_VERSION = 5.0;
			};
			name = Release;
		};
		8B65994F965615ADF8EDBA8D /* Release */ = {
			isa = XCBuildConfiguration;
			buildSettings = {
				ASSETCATALOG_COMPILER_APPICON_NAME = AppIcon;
				"CODE_SIGNING_ALLOWED[sdk=iphonesimulator*]" = NO;
				CODE_SIGN_IDENTITY = "iPhone Developer";
				CODE_SIGN_STYLE = Automatic;
				DEVELOPMENT_TEAM = QCVP3CNMP6;
				INFOPLIST_FILE = AnTuras/Info.plist;
				LD_RUNPATH_SEARCH_PATHS = (
					"$(inherited)",
					"@executable_path/Frameworks",
				);
				PRODUCT_BUNDLE_IDENTIFIER = ie.anturas.AnTuras;
				SDKROOT = iphoneos;
				SWIFT_VERSION = 5.9;
				TARGETED_DEVICE_FAMILY = 1;
			};
			name = Release;
		};
		CDEADAACCD31B2CC024EF89C /* Debug */ = {
			isa = XCBuildConfiguration;
			buildSettings = {
				ALWAYS_SEARCH_USER_PATHS = NO;
				CLANG_ANALYZER_NONNULL = YES;
				CLANG_ANALYZER_NUMBER_OBJECT_CONVERSION = YES_AGGRESSIVE;
				CLANG_CXX_LANGUAGE_STANDARD = "gnu++14";
				CLANG_CXX_LIBRARY = "libc++";
				CLANG_ENABLE_MODULES = YES;
				CLANG_ENABLE_OBJC_ARC = YES;
				CLANG_ENABLE_OBJC_WEAK = YES;
				CLANG_WARN_BLOCK_CAPTURE_AUTORELEASING = YES;
				CLANG_WARN_BOOL_CONVERSION = YES;
				CLANG_WARN_COMMA = YES;
				CLANG_WARN_CONSTANT_CONVERSION = YES;
				CLANG_WARN_DEPRECATED_OBJC_IMPLEMENTATIONS = YES;
				CLANG_WARN_DIRECT_OBJC_ISA_USAGE = YES_ERROR;
				CLANG_WARN_DOCUMENTATION_COMMENTS = YES;
				CLANG_WARN_EMPTY_BODY = YES;
				CLANG_WARN_ENUM_CONVERSION = YES;
				CLANG_WARN_INFINITE_RECURSION = YES;
				CLANG_WARN_INT_CONVERSION = YES;
				CLANG_WARN_NON_LITERAL_NULL_CONVERSION = YES;
				CLANG_WARN_OBJC_IMPLICIT_RETAIN_SELF = YES;
				CLANG_WARN_OBJC_LITERAL_CONVERSION = YES;
				CLANG_WARN_OBJC_ROOT_CLASS = YES_ERROR;
				CLANG_WARN_QUOTED_INCLUDE_IN_FRAMEWORK_HEADER = YES;
				CLANG_WARN_RANGE_LOOP_ANALYSIS = YES;
				CLANG_WARN_STRICT_PROTOTYPES = YES;
				CLANG_WARN_SUSPICIOUS_MOVE = YES;
				CLANG_WARN_UNGUARDED_AVAILABILITY = YES_AGGRESSIVE;
				CLANG_WARN_UNREACHABLE_CODE = YES;
				CLANG_WARN__DUPLICATE_METHOD_MATCH = YES;
				COPY_PHASE_STRIP = NO;
				DEBUG_INFORMATION_FORMAT = dwarf;
				ENABLE_STRICT_OBJC_MSGSEND = YES;
				ENABLE_TESTABILITY = YES;
				GCC_C_LANGUAGE_STANDARD = gnu11;
				GCC_DYNAMIC_NO_PIC = NO;
				GCC_NO_COMMON_BLOCKS = YES;
				GCC_OPTIMIZATION_LEVEL = 0;
				GCC_PREPROCESSOR_DEFINITIONS = (
					"$(inherited)",
					"DEBUG=1",
				);
				GCC_WARN_64_TO_32_BIT_CONVERSION = YES;
				GCC_WARN_ABOUT_RETURN_TYPE = YES_ERROR;
				GCC_WARN_UNDECLARED_SELECTOR = YES;
				GCC_WARN_UNINITIALIZED_AUTOS = YES_AGGRESSIVE;
				GCC_WARN_UNUSED_FUNCTION = YES;
				GCC_WARN_UNUSED_VARIABLE = YES;
				IPHONEOS_DEPLOYMENT_TARGET = 17.0;
				MTL_ENABLE_DEBUG_INFO = INCLUDE_SOURCE;
				MTL_FAST_MATH = YES;
				ONLY_ACTIVE_ARCH = YES;
				PRODUCT_NAME = "$(TARGET_NAME)";
				SDKROOT = iphoneos;
				SWIFT_ACTIVE_COMPILATION_CONDITIONS = DEBUG;
				SWIFT_OPTIMIZATION_LEVEL = "-Onone";
				SWIFT_VERSION = 5.0;
			};
			name = Debug;
		};
		E7B4EF1FE9803C9449412766 /* Debug */ = {
			isa = XCBuildConfiguration;
			buildSettings = {
				BUNDLE_LOADER = "$(TEST_HOST)";
				"CODE_SIGNING_ALLOWED[sdk=iphonesimulator*]" = NO;
				LD_RUNPATH_SEARCH_PATHS = (
					"$(inherited)",
					"@executable_path/Frameworks",
					"@loader_path/Frameworks",
				);
				PRODUCT_BUNDLE_IDENTIFIER = ie.anturas.AnTurasUITests;
				SDKROOT = iphoneos;
				SWIFT_VERSION = 5.9;
				TARGETED_DEVICE_FAMILY = "1,2";
				TEST_TARGET_NAME = AnTuras;
			};
			name = Debug;
		};
/* End XCBuildConfiguration section */

/* Begin XCConfigurationList section */
		41F086DBDBE8A272B1AD92D1 /* Build configuration list for PBXNativeTarget "AnTurasTests" */ = {
			isa = XCConfigurationList;
			buildConfigurations = (
				0985539C8D9BCCF0644E50CD /* Debug */,
				66FE62821F78465E9FF08B7F /* Release */,
			);
			defaultConfigurationIsVisible = 0;
			defaultConfigurationName = Debug;
		};
		76E477B8E7636CC34669F896 /* Build configuration list for PBXProject "AnTuras" */ = {
			isa = XCConfigurationList;
			buildConfigurations = (
				CDEADAACCD31B2CC024EF89C /* Debug */,
				810CC68ABD6A3FB32954D6A2 /* Release */,
			);
			defaultConfigurationIsVisible = 0;
			defaultConfigurationName = Debug;
		};
		B321EDE80A563A2AC5DC9464 /* Build configuration list for PBXNativeTarget "AnTuras" */ = {
			isa = XCConfigurationList;
			buildConfigurations = (
				276F892549B2523CC4180582 /* Debug */,
				8B65994F965615ADF8EDBA8D /* Release */,
			);
			defaultConfigurationIsVisible = 0;
			defaultConfigurationName = Debug;
		};
		EAC3C89DF4B38BCF41EF1C4D /* Build configuration list for PBXNativeTarget "AnTurasUITests" */ = {
			isa = XCConfigurationList;
			buildConfigurations = (
				E7B4EF1FE9803C9449412766 /* Debug */,
				7074AFBF4857C648A2D6596E /* Release */,
			);
			defaultConfigurationIsVisible = 0;
			defaultConfigurationName = Debug;
		};
/* End XCConfigurationList section */
	};
	rootObject = 917BE851C7EB0537DB64410E /* Project object */;
}
